// !$*UTF8*$!
{
	archiveVersion = 1;
	classes = {
	};
	objectVersion = 70;
	objects = {

/* Begin PBXBuildFile section */
		682C761C2B331DAE00018F80 /* AmityUIKit4.framework in Frameworks */ = {isa = PBXBuildFile; fileRef = 684AE12D2B0C841400FD7270 /* AmityUIKit4.framework */; };
		682C761D2B331DAE00018F80 /* AmityUIKit4.framework in Embed Frameworks */ = {isa = PBXBuildFile; fileRef = 684AE12D2B0C841400FD7270 /* AmityUIKit4.framework */; settings = {ATTRIBUTES = (CodeSignOnCopy, RemoveHeadersOnCopy, ); }; };
		68BB9C2D2F17A09F002E4F31 /* AmityUIKitLiveStream.framework in Frameworks */ = {isa = PBXBuildFile; fileRef = A0BD0B4726DDE0E30054088B /* AmityUIKitLiveStream.framework */; };
		68BB9C2E2F17A09F002E4F31 /* AmityUIKitLiveStream.framework in Embed Frameworks */ = {isa = PBXBuildFile; fileRef = A0BD0B4726DDE0E30054088B /* AmityUIKitLiveStream.framework */; settings = {ATTRIBUTES = (CodeSignOnCopy, RemoveHeadersOnCopy, ); }; };
		68E6F91A2F2F6C0600EA04B3 /* SharedFrameworks in Frameworks */ = {isa = PBXBuildFile; productRef = 68E6F9192F2F6C0600EA04B3 /* SharedFrameworks */; };
		68F5D9FE2B481E4700A9FA0D /* AmityUIKit4.framework in Frameworks */ = {isa = PBXBuildFile; fileRef = 68F5D9FD2B481E4700A9FA0D /* AmityUIKit4.framework */; };
		68F5D9FF2B481E4700A9FA0D /* AmityUIKit4.framework in Embed Frameworks */ = {isa = PBXBuildFile; fileRef = 68F5D9FD2B481E4700A9FA0D /* AmityUIKit4.framework */; settings = {ATTRIBUTES = (CodeSignOnCopy, RemoveHeadersOnCopy, ); }; };
		92DBE8CA2ACA98CF007D873C /* AmityUIKitLiveStream.framework in Frameworks */ = {isa = PBXBuildFile; fileRef = A0BD0B4726DDE0E30054088B /* AmityUIKitLiveStream.framework */; };
		92DBE8CB2ACA98CF007D873C /* AmitySDK.xcframework in Frameworks */ = {isa = PBXBuildFile; fileRef = D45D45B726204253008F7C2C /* AmitySDK.xcframework */; };
		92DBE8CC2ACA98CF007D873C /* AmityLiveVideoBroadcastKit.xcframework in Frameworks */ = {isa = PBXBuildFile; fileRef = A0BD0B3E26DDE0020054088B /* AmityLiveVideoBroadcastKit.xcframework */; };
		92DBE8CD2ACA98CF007D873C /* RealmSwift.xcframework in Frameworks */ = {isa = PBXBuildFile; fileRef = 68EF84A629B077E700C7EDEC /* RealmSwift.xcframework */; };
		92DBE8CE2ACA98CF007D873C /* MobileVLCKit.xcframework in Frameworks */ = {isa = PBXBuildFile; fileRef = A0BD0B4026DDE0020054088B /* MobileVLCKit.xcframework */; };
		92DBE8CF2ACA98CF007D873C /* AmityVideoPlayerKit.xcframework in Frameworks */ = {isa = PBXBuildFile; fileRef = A0BD0B3F26DDE0020054088B /* AmityVideoPlayerKit.xcframework */; };
		92DBE8D02ACA98CF007D873C /* FirebaseCrashlytics in Frameworks */ = {isa = PBXBuildFile; productRef = 92DBE8A32ACA98CF007D873C /* FirebaseCrashlytics */; };
		92DBE8D12ACA98CF007D873C /* Realm.xcframework in Frameworks */ = {isa = PBXBuildFile; fileRef = D45B3A93264A840300F6FF52 /* Realm.xcframework */; };
		92DBE8D22ACA98CF007D873C /* AmityUIKit.framework in Frameworks */ = {isa = PBXBuildFile; fileRef = D478D153262409E5006EA140 /* AmityUIKit.framework */; };
		92DBE8DF2ACA98CF007D873C /* AmitySDK.xcframework in Embed Frameworks */ = {isa = PBXBuildFile; fileRef = D45D45B726204253008F7C2C /* AmitySDK.xcframework */; settings = {ATTRIBUTES = (CodeSignOnCopy, RemoveHeadersOnCopy, ); }; };
		92DBE8E02ACA98CF007D873C /* AmityLiveVideoBroadcastKit.xcframework in Embed Frameworks */ = {isa = PBXBuildFile; fileRef = A0BD0B3E26DDE0020054088B /* AmityLiveVideoBroadcastKit.xcframework */; settings = {ATTRIBUTES = (CodeSignOnCopy, RemoveHeadersOnCopy, ); }; };
		92DBE8E12ACA98CF007D873C /* RealmSwift.xcframework in Embed Frameworks */ = {isa = PBXBuildFile; fileRef = 68EF84A629B077E700C7EDEC /* RealmSwift.xcframework */; settings = {ATTRIBUTES = (CodeSignOnCopy, RemoveHeadersOnCopy, ); }; };
		92DBE8E22ACA98CF007D873C /* MobileVLCKit.xcframework in Embed Frameworks */ = {isa = PBXBuildFile; fileRef = A0BD0B4026DDE0020054088B /* MobileVLCKit.xcframework */; settings = {ATTRIBUTES = (CodeSignOnCopy, RemoveHeadersOnCopy, ); }; };
		92DBE8E32ACA98CF007D873C /* AmityVideoPlayerKit.xcframework in Embed Frameworks */ = {isa = PBXBuildFile; fileRef = A0BD0B3F26DDE0020054088B /* AmityVideoPlayerKit.xcframework */; settings = {ATTRIBUTES = (CodeSignOnCopy, RemoveHeadersOnCopy, ); }; };
		92DBE8E42ACA98CF007D873C /* Realm.xcframework in Embed Frameworks */ = {isa = PBXBuildFile; fileRef = D45B3A93264A840300F6FF52 /* Realm.xcframework */; settings = {ATTRIBUTES = (CodeSignOnCopy, RemoveHeadersOnCopy, ); }; };
		92DBE8E52ACA98CF007D873C /* AmityUIKit.framework in Embed Frameworks */ = {isa = PBXBuildFile; fileRef = D478D153262409E5006EA140 /* AmityUIKit.framework */; settings = {ATTRIBUTES = (CodeSignOnCopy, RemoveHeadersOnCopy, ); }; };
		A0BD0B4926DDE0E30054088B /* AmityUIKitLiveStream.framework in Embed Frameworks */ = {isa = PBXBuildFile; fileRef = A0BD0B4726DDE0E30054088B /* AmityUIKitLiveStream.framework */; settings = {ATTRIBUTES = (CodeSignOnCopy, RemoveHeadersOnCopy, ); }; };
		B78DA49024BED7DA00EE902B /* SampleAppTests.swift in Sources */ = {isa = PBXBuildFile; fileRef = B78DA48F24BED7DA00EE902B /* SampleAppTests.swift */; };
		B78DA49B24BED7DA00EE902B /* SampleAppUITests.swift in Sources */ = {isa = PBXBuildFile; fileRef = B78DA49A24BED7DA00EE902B /* SampleAppUITests.swift */; };
		D478D16926240A5E006EA140 /* AmityUIKit.framework in Frameworks */ = {isa = PBXBuildFile; fileRef = D478D153262409E5006EA140 /* AmityUIKit.framework */; };
		D478D16A26240A5E006EA140 /* AmityUIKit.framework in Embed Frameworks */ = {isa = PBXBuildFile; fileRef = D478D153262409E5006EA140 /* AmityUIKit.framework */; settings = {ATTRIBUTES = (CodeSignOnCopy, RemoveHeadersOnCopy, ); }; };
		ED32E6F92EE03F5A00AACA20 /* LiveKitWebRTC.xcframework in Frameworks */ = {isa = PBXBuildFile; fileRef = 68FFFDD02EA8ED09005D6788 /* LiveKitWebRTC.xcframework */; };
		ED32E6FA2EE03F5A00AACA20 /* LiveKitWebRTC.xcframework in Embed Frameworks */ = {isa = PBXBuildFile; fileRef = 68FFFDD02EA8ED09005D6788 /* LiveKitWebRTC.xcframework */; settings = {ATTRIBUTES = (CodeSignOnCopy, RemoveHeadersOnCopy, ); }; };
		ED32E6FB2EE03F5A00AACA20 /* AmityLiveKit.xcframework in Frameworks */ = {isa = PBXBuildFile; fileRef = 68FFFDCF2EA8ED09005D6788 /* AmityLiveKit.xcframework */; };
		ED32E6FC2EE03F5A00AACA20 /* AmityLiveKit.xcframework in Embed Frameworks */ = {isa = PBXBuildFile; fileRef = 68FFFDCF2EA8ED09005D6788 /* AmityLiveKit.xcframework */; settings = {ATTRIBUTES = (CodeSignOnCopy, RemoveHeadersOnCopy, ); }; };
/* End PBXBuildFile section */

/* Begin PBXContainerItemProxy section */
		B78DA48C24BED7DA00EE902B /* PBXContainerItemProxy */ = {
			isa = PBXContainerItemProxy;
			containerPortal = B78DA46D24BED7D300EE902B /* Project object */;
			proxyType = 1;
			remoteGlobalIDString = B78DA47424BED7D300EE902B;
			remoteInfo = SampleApp;
		};
		B78DA49724BED7DA00EE902B /* PBXContainerItemProxy */ = {
			isa = PBXContainerItemProxy;
			containerPortal = B78DA46D24BED7D300EE902B /* Project object */;
			proxyType = 1;
			remoteGlobalIDString = B78DA47424BED7D300EE902B;
			remoteInfo = SampleApp;
		};
/* End PBXContainerItemProxy section */

/* Begin PBXCopyFilesBuildPhase section */
		92DBE8DD2ACA98CF007D873C /* Embed Frameworks */ = {
			isa = PBXCopyFilesBuildPhase;
			buildActionMask = 2147483647;
			dstPath = "";
			dstSubfolderSpec = 10;
			files = (
				A0BD0B4926DDE0E30054088B /* AmityUIKitLiveStream.framework in Embed Frameworks */,
				92DBE8DF2ACA98CF007D873C /* AmitySDK.xcframework in Embed Frameworks */,
				ED32E6FC2EE03F5A00AACA20 /* AmityLiveKit.xcframework in Embed Frameworks */,
				92DBE8E02ACA98CF007D873C /* AmityLiveVideoBroadcastKit.xcframework in Embed Frameworks */,
				92DBE8E12ACA98CF007D873C /* RealmSwift.xcframework in Embed Frameworks */,
				92DBE8E22ACA98CF007D873C /* MobileVLCKit.xcframework in Embed Frameworks */,
				ED32E6FA2EE03F5A00AACA20 /* LiveKitWebRTC.xcframework in Embed Frameworks */,
				682C761D2B331DAE00018F80 /* AmityUIKit4.framework in Embed Frameworks */,
				92DBE8E32ACA98CF007D873C /* AmityVideoPlayerKit.xcframework in Embed Frameworks */,
				92DBE8E42ACA98CF007D873C /* Realm.xcframework in Embed Frameworks */,
				92DBE8E52ACA98CF007D873C /* AmityUIKit.framework in Embed Frameworks */,
			);
			name = "Embed Frameworks";
			runOnlyForDeploymentPostprocessing = 0;
		};
		A052EAF42577A6B700FF9312 /* Embed Frameworks */ = {
			isa = PBXCopyFilesBuildPhase;
			buildActionMask = 2147483647;
			dstPath = "";
			dstSubfolderSpec = 10;
			files = (
				68BB9C2E2F17A09F002E4F31 /* AmityUIKitLiveStream.framework in Embed Frameworks */,
				68F5D9FF2B481E4700A9FA0D /* AmityUIKit4.framework in Embed Frameworks */,
				D478D16A26240A5E006EA140 /* AmityUIKit.framework in Embed Frameworks */,
			);
			name = "Embed Frameworks";
			runOnlyForDeploymentPostprocessing = 0;
		};
/* End PBXCopyFilesBuildPhase section */

/* Begin PBXFileReference section */
		684187EE2EA621F6000D4C6A /* AmityLiveKit.xcframework */ = {isa = PBXFileReference; lastKnownFileType = wrapper.xcframework; name = AmityLiveKit.xcframework; path = /Users/zayar/Desktop/Amity/EkoMessagingSDKUIKitIOS/UpstraUIKit/AmityUIKit4/../../../../../Downloads/AmityLiveKit.xcframework; sourceTree = "<absolute>"; };
		684187F12EA62203000D4C6A /* LiveKitWebRTC.xcframework */ = {isa = PBXFileReference; lastKnownFileType = wrapper.xcframework; name = LiveKitWebRTC.xcframework; path = /Users/zayar/Desktop/Amity/EkoMessagingSDKUIKitIOS/UpstraUIKit/AmityUIKit4/../../../../../Downloads/LiveKitWebRTC.xcframework; sourceTree = "<absolute>"; };
		684AE12D2B0C841400FD7270 /* AmityUIKit4.framework */ = {isa = PBXFileReference; explicitFileType = wrapper.framework; path = AmityUIKit4.framework; sourceTree = BUILT_PRODUCTS_DIR; };
		684AE1302B0C8CB900FD7270 /* AmityUIKit4.framework */ = {isa = PBXFileReference; explicitFileType = wrapper.framework; path = AmityUIKit4.framework; sourceTree = BUILT_PRODUCTS_DIR; };
		684AE13D2B0C9B4700FD7270 /* AmityUIKit4.framework */ = {isa = PBXFileReference; explicitFileType = wrapper.framework; path = AmityUIKit4.framework; sourceTree = BUILT_PRODUCTS_DIR; };
		684AE1402B0C9B4E00FD7270 /* AmityUIKit4.framework */ = {isa = PBXFileReference; explicitFileType = wrapper.framework; path = AmityUIKit4.framework; sourceTree = BUILT_PRODUCTS_DIR; };
		688F8617299E409B000FE6E7 /* SharedFrameworks */ = {isa = PBXFileReference; lastKnownFileType = wrapper; name = SharedFrameworks; path = ../SharedFrameworks; sourceTree = "<group>"; };
		68EF84A629B077E700C7EDEC /* RealmSwift.xcframework */ = {isa = PBXFileReference; expectedSignature = "AppleDeveloperProgram:37Z583JR6K:Eko Corporation Company Limited"; lastKnownFileType = wrapper.xcframework; name = RealmSwift.xcframework; path = ../Shared/RealmSwift.xcframework; sourceTree = "<group>"; };
		68F5D9FD2B481E4700A9FA0D /* AmityUIKit4.framework */ = {isa = PBXFileReference; explicitFileType = wrapper.framework; path = AmityUIKit4.framework; sourceTree = BUILT_PRODUCTS_DIR; };
		68FFFDCF2EA8ED09005D6788 /* AmityLiveKit.xcframework */ = {isa = PBXFileReference; lastKnownFileType = wrapper.xcframework; name = AmityLiveKit.xcframework; path = ../Shared/AmityLiveKit.xcframework; sourceTree = "<group>"; };
		68FFFDD02EA8ED09005D6788 /* LiveKitWebRTC.xcframework */ = {isa = PBXFileReference; lastKnownFileType = wrapper.xcframework; name = LiveKitWebRTC.xcframework; path = ../Shared/LiveKitWebRTC.xcframework; sourceTree = "<group>"; };
		92DBE8E92ACA98CF007D873C /* SampleAppDistribution.app */ = {isa = PBXFileReference; explicitFileType = wrapper.application; includeInIndex = 0; path = SampleAppDistribution.app; sourceTree = BUILT_PRODUCTS_DIR; };
		A0BD0B3B26DDDFCC0054088B /* AmityUIKitLiveStream.framework */ = {isa = PBXFileReference; explicitFileType = wrapper.framework; path = AmityUIKitLiveStream.framework; sourceTree = BUILT_PRODUCTS_DIR; };
		A0BD0B3E26DDE0020054088B /* AmityLiveVideoBroadcastKit.xcframework */ = {isa = PBXFileReference; lastKnownFileType = wrapper.xcframework; name = AmityLiveVideoBroadcastKit.xcframework; path = ../Shared/AmityLiveVideoBroadcastKit.xcframework; sourceTree = "<group>"; };
		A0BD0B3F26DDE0020054088B /* AmityVideoPlayerKit.xcframework */ = {isa = PBXFileReference; lastKnownFileType = wrapper.xcframework; name = AmityVideoPlayerKit.xcframework; path = ../Shared/AmityVideoPlayerKit.xcframework; sourceTree = "<group>"; };
		A0BD0B4026DDE0020054088B /* MobileVLCKit.xcframework */ = {isa = PBXFileReference; lastKnownFileType = wrapper.xcframework; name = MobileVLCKit.xcframework; path = ../Shared/MobileVLCKit.xcframework; sourceTree = "<group>"; };
		A0BD0B4726DDE0E30054088B /* AmityUIKitLiveStream.framework */ = {isa = PBXFileReference; explicitFileType = wrapper.framework; path = AmityUIKitLiveStream.framework; sourceTree = BUILT_PRODUCTS_DIR; };
		B78DA47524BED7D300EE902B /* SampleApp.app */ = {isa = PBXFileReference; explicitFileType = wrapper.application; includeInIndex = 0; path = SampleApp.app; sourceTree = BUILT_PRODUCTS_DIR; };
		B78DA48B24BED7DA00EE902B /* SampleAppTests.xctest */ = {isa = PBXFileReference; explicitFileType = wrapper.cfbundle; includeInIndex = 0; path = SampleAppTests.xctest; sourceTree = BUILT_PRODUCTS_DIR; };
		B78DA48F24BED7DA00EE902B /* SampleAppTests.swift */ = {isa = PBXFileReference; lastKnownFileType = sourcecode.swift; path = SampleAppTests.swift; sourceTree = "<group>"; };
		B78DA49124BED7DA00EE902B /* Info.plist */ = {isa = PBXFileReference; lastKnownFileType = text.plist.xml; path = Info.plist; sourceTree = "<group>"; };
		B78DA49624BED7DA00EE902B /* SampleAppUITests.xctest */ = {isa = PBXFileReference; explicitFileType = wrapper.cfbundle; includeInIndex = 0; path = SampleAppUITests.xctest; sourceTree = BUILT_PRODUCTS_DIR; };
		B78DA49A24BED7DA00EE902B /* SampleAppUITests.swift */ = {isa = PBXFileReference; lastKnownFileType = sourcecode.swift; path = SampleAppUITests.swift; sourceTree = "<group>"; };
		B78DA49C24BED7DA00EE902B /* Info.plist */ = {isa = PBXFileReference; lastKnownFileType = text.plist.xml; path = Info.plist; sourceTree = "<group>"; };
		D45B3A93264A840300F6FF52 /* Realm.xcframework */ = {isa = PBXFileReference; expectedSignature = "AppleDeveloperProgram:37Z583JR6K:Amity Technologies (Thailand) Co., Ltd."; lastKnownFileType = wrapper.xcframework; name = Realm.xcframework; path = ../Shared/Realm.xcframework; sourceTree = "<group>"; };
		D45D45B726204253008F7C2C /* AmitySDK.xcframework */ = {isa = PBXFileReference; lastKnownFileType = wrapper.xcframework; name = AmitySDK.xcframework; path = ../Shared/AmitySDK.xcframework; sourceTree = "<group>"; };
		D478D153262409E5006EA140 /* AmityUIKit.framework */ = {isa = PBXFileReference; explicitFileType = wrapper.framework; path = AmityUIKit.framework; sourceTree = BUILT_PRODUCTS_DIR; };
/* End PBXFileReference section */

/* Begin PBXFileSystemSynchronizedBuildFileExceptionSet section */
		ED32E6F72EE03EE600AACA20 /* PBXFileSystemSynchronizedBuildFileExceptionSet */ = {
			isa = PBXFileSystemSynchronizedBuildFileExceptionSet;
			membershipExceptions = (
				Info.plist,
			);
			target = B78DA47424BED7D300EE902B /* SampleApp */;
		};
		ED32E6F82EE03EE600AACA20 /* PBXFileSystemSynchronizedBuildFileExceptionSet */ = {
			isa = PBXFileSystemSynchronizedBuildFileExceptionSet;
			membershipExceptions = (
				Info.plist,
			);
			target = 92DBE8A22ACA98CF007D873C /* SampleAppDistribution */;
		};
/* End PBXFileSystemSynchronizedBuildFileExceptionSet section */

/* Begin PBXFileSystemSynchronizedRootGroup section */
		ED32E6922EE03EE600AACA20 /* SampleApp */ = {isa = PBXFileSystemSynchronizedRootGroup; exceptions = (ED32E6F72EE03EE600AACA20 /* PBXFileSystemSynchronizedBuildFileExceptionSet */, ED32E6F82EE03EE600AACA20 /* PBXFileSystemSynchronizedBuildFileExceptionSet */, ); explicitFileTypes = {}; explicitFolders = (); path = SampleApp; sourceTree = "<group>"; };
/* End PBXFileSystemSynchronizedRootGroup section */

/* Begin PBXFrameworksBuildPhase section */
		92DBE8C92ACA98CF007D873C /* Frameworks */ = {
			isa = PBXFrameworksBuildPhase;
			buildActionMask = 2147483647;
			files = (
				92DBE8CA2ACA98CF007D873C /* AmityUIKitLiveStream.framework in Frameworks */,
				ED32E6F92EE03F5A00AACA20 /* LiveKitWebRTC.xcframework in Frameworks */,
				92DBE8CB2ACA98CF007D873C /* AmitySDK.xcframework in Frameworks */,
				92DBE8CC2ACA98CF007D873C /* AmityLiveVideoBroadcastKit.xcframework in Frameworks */,
				92DBE8CD2ACA98CF007D873C /* RealmSwift.xcframework in Frameworks */,
				92DBE8CE2ACA98CF007D873C /* MobileVLCKit.xcframework in Frameworks */,
				92DBE8CF2ACA98CF007D873C /* AmityVideoPlayerKit.xcframework in Frameworks */,
				92DBE8D02ACA98CF007D873C /* FirebaseCrashlytics in Frameworks */,
				682C761C2B331DAE00018F80 /* AmityUIKit4.framework in Frameworks */,
				92DBE8D12ACA98CF007D873C /* Realm.xcframework in Frameworks */,
				92DBE8D22ACA98CF007D873C /* AmityUIKit.framework in Frameworks */,
				ED32E6FB2EE03F5A00AACA20 /* AmityLiveKit.xcframework in Frameworks */,
			);
			runOnlyForDeploymentPostprocessing = 0;
		};
		B78DA47224BED7D300EE902B /* Frameworks */ = {
			isa = PBXFrameworksBuildPhase;
			buildActionMask = 2147483647;
			files = (
				68E6F91A2F2F6C0600EA04B3 /* SharedFrameworks in Frameworks */,
				68BB9C2D2F17A09F002E4F31 /* AmityUIKitLiveStream.framework in Frameworks */,
				68F5D9FE2B481E4700A9FA0D /* AmityUIKit4.framework in Frameworks */,
				D478D16926240A5E006EA140 /* AmityUIKit.framework in Frameworks */,
			);
			runOnlyForDeploymentPostprocessing = 0;
		};
		B78DA48824BED7DA00EE902B /* Frameworks */ = {
			isa = PBXFrameworksBuildPhase;
			buildActionMask = 2147483647;
			files = (
			);
			runOnlyForDeploymentPostprocessing = 0;
		};
		B78DA49324BED7DA00EE902B /* Frameworks */ = {
			isa = PBXFrameworksBuildPhase;
			buildActionMask = 2147483647;
			files = (
			);
			runOnlyForDeploymentPostprocessing = 0;
		};
/* End PBXFrameworksBuildPhase section */

/* Begin PBXGroup section */
		688F8616299E409B000FE6E7 /* Packages */ = {
			isa = PBXGroup;
			children = (
				688F8617299E409B000FE6E7 /* SharedFrameworks */,
			);
			name = Packages;
			sourceTree = "<group>";
		};
		B78DA46C24BED7D300EE902B = {
			isa = PBXGroup;
			children = (
				688F8616299E409B000FE6E7 /* Packages */,
				ED32E6922EE03EE600AACA20 /* SampleApp */,
				B78DA48E24BED7DA00EE902B /* SampleAppTests */,
				B78DA49924BED7DA00EE902B /* SampleAppUITests */,
				B78DA47624BED7D300EE902B /* Products */,
				B78DA4A824BED83100EE902B /* Frameworks */,
			);
			sourceTree = "<group>";
		};
		B78DA47624BED7D300EE902B /* Products */ = {
			isa = PBXGroup;
			children = (
				B78DA47524BED7D300EE902B /* SampleApp.app */,
				B78DA48B24BED7DA00EE902B /* SampleAppTests.xctest */,
				B78DA49624BED7DA00EE902B /* SampleAppUITests.xctest */,
				92DBE8E92ACA98CF007D873C /* SampleAppDistribution.app */,
			);
			name = Products;
			sourceTree = "<group>";
		};
		B78DA48E24BED7DA00EE902B /* SampleAppTests */ = {
			isa = PBXGroup;
			children = (
				B78DA48F24BED7DA00EE902B /* SampleAppTests.swift */,
				B78DA49124BED7DA00EE902B /* Info.plist */,
			);
			path = SampleAppTests;
			sourceTree = "<group>";
		};
		B78DA49924BED7DA00EE902B /* SampleAppUITests */ = {
			isa = PBXGroup;
			children = (
				B78DA49A24BED7DA00EE902B /* SampleAppUITests.swift */,
				B78DA49C24BED7DA00EE902B /* Info.plist */,
			);
			path = SampleAppUITests;
			sourceTree = "<group>";
		};
		B78DA4A824BED83100EE902B /* Frameworks */ = {
			isa = PBXGroup;
			children = (
				684187F12EA62203000D4C6A /* LiveKitWebRTC.xcframework */,
				684187EE2EA621F6000D4C6A /* AmityLiveKit.xcframework */,
				68FFFDCF2EA8ED09005D6788 /* AmityLiveKit.xcframework */,
				68FFFDD02EA8ED09005D6788 /* LiveKitWebRTC.xcframework */,
				68F5D9FD2B481E4700A9FA0D /* AmityUIKit4.framework */,
				684AE1402B0C9B4E00FD7270 /* AmityUIKit4.framework */,
				684AE13D2B0C9B4700FD7270 /* AmityUIKit4.framework */,
				684AE1302B0C8CB900FD7270 /* AmityUIKit4.framework */,
				684AE12D2B0C841400FD7270 /* AmityUIKit4.framework */,
				68EF84A629B077E700C7EDEC /* RealmSwift.xcframework */,
				A0BD0B4726DDE0E30054088B /* AmityUIKitLiveStream.framework */,
				A0BD0B3E26DDE0020054088B /* AmityLiveVideoBroadcastKit.xcframework */,
				A0BD0B3F26DDE0020054088B /* AmityVideoPlayerKit.xcframework */,
				A0BD0B4026DDE0020054088B /* MobileVLCKit.xcframework */,
				A0BD0B3B26DDDFCC0054088B /* AmityUIKitLiveStream.framework */,
				D45B3A93264A840300F6FF52 /* Realm.xcframework */,
				D478D153262409E5006EA140 /* AmityUIKit.framework */,
				D45D45B726204253008F7C2C /* AmitySDK.xcframework */,
			);
			name = Frameworks;
			sourceTree = "<group>";
		};
/* End PBXGroup section */

/* Begin PBXNativeTarget section */
		92DBE8A22ACA98CF007D873C /* SampleAppDistribution */ = {
			isa = PBXNativeTarget;
			buildConfigurationList = 92DBE8E62ACA98CF007D873C /* Build configuration list for PBXNativeTarget "SampleAppDistribution" */;
			buildPhases = (
				92DBE8A52ACA98CF007D873C /* Sources */,
				92DBE8C92ACA98CF007D873C /* Frameworks */,
				92DBE8D32ACA98CF007D873C /* Resources */,
				92DBE8DD2ACA98CF007D873C /* Embed Frameworks */,
				92DBE8EB2ACA9B6C007D873C /* ShellScript */,
			);
			buildRules = (
			);
			dependencies = (
			);
			fileSystemSynchronizedGroups = (
				ED32E6922EE03EE600AACA20 /* SampleApp */,
			);
			name = SampleAppDistribution;
			packageProductDependencies = (
				92DBE8A32ACA98CF007D873C /* FirebaseCrashlytics */,
			);
			productName = SampleApp;
			productReference = 92DBE8E92ACA98CF007D873C /* SampleAppDistribution.app */;
			productType = "com.apple.product-type.application";
		};
		B78DA47424BED7D300EE902B /* SampleApp */ = {
			isa = PBXNativeTarget;
			buildConfigurationList = B78DA49F24BED7DA00EE902B /* Build configuration list for PBXNativeTarget "SampleApp" */;
			buildPhases = (
				B78DA47124BED7D300EE902B /* Sources */,
				B78DA47224BED7D300EE902B /* Frameworks */,
				B78DA47324BED7D300EE902B /* Resources */,
				A052EAF42577A6B700FF9312 /* Embed Frameworks */,
				ED2392EF2EDEF13400FC819E /* ShellScript */,
			);
			buildRules = (
			);
			dependencies = (
			);
			fileSystemSynchronizedGroups = (
				ED32E6922EE03EE600AACA20 /* SampleApp */,
			);
			name = SampleApp;
			packageProductDependencies = (
				68E6F9192F2F6C0600EA04B3 /* SharedFrameworks */,
			);
			productName = SampleApp;
			productReference = B78DA47524BED7D300EE902B /* SampleApp.app */;
			productType = "com.apple.product-type.application";
		};
		B78DA48A24BED7DA00EE902B /* SampleAppTests */ = {
			isa = PBXNativeTarget;
			buildConfigurationList = B78DA4A224BED7DA00EE902B /* Build configuration list for PBXNativeTarget "SampleAppTests" */;
			buildPhases = (
				B78DA48724BED7DA00EE902B /* Sources */,
				B78DA48824BED7DA00EE902B /* Frameworks */,
				B78DA48924BED7DA00EE902B /* Resources */,
			);
			buildRules = (
			);
			dependencies = (
				B78DA48D24BED7DA00EE902B /* PBXTargetDependency */,
			);
			name = SampleAppTests;
			productName = SampleAppTests;
			productReference = B78DA48B24BED7DA00EE902B /* SampleAppTests.xctest */;
			productType = "com.apple.product-type.bundle.unit-test";
		};
		B78DA49524BED7DA00EE902B /* SampleAppUITests */ = {
			isa = PBXNativeTarget;
			buildConfigurationList = B78DA4A524BED7DA00EE902B /* Build configuration list for PBXNativeTarget "SampleAppUITests" */;
			buildPhases = (
				B78DA49224BED7DA00EE902B /* Sources */,
				B78DA49324BED7DA00EE902B /* Frameworks */,
				B78DA49424BED7DA00EE902B /* Resources */,
			);
			buildRules = (
			);
			dependencies = (
				B78DA49824BED7DA00EE902B /* PBXTargetDependency */,
			);
			name = SampleAppUITests;
			productName = SampleAppUITests;
			productReference = B78DA49624BED7DA00EE902B /* SampleAppUITests.xctest */;
			productType = "com.apple.product-type.bundle.ui-testing";
		};
/* End PBXNativeTarget section */

/* Begin PBXProject section */
		B78DA46D24BED7D300EE902B /* Project object */ = {
			isa = PBXProject;
			attributes = {
				LastSwiftUpdateCheck = 1150;
				LastUpgradeCheck = 1240;
				ORGANIZATIONNAME = Eko;
				TargetAttributes = {
					B78DA47424BED7D300EE902B = {
						CreatedOnToolsVersion = 11.5;
					};
					B78DA48A24BED7DA00EE902B = {
						CreatedOnToolsVersion = 11.5;
						TestTargetID = B78DA47424BED7D300EE902B;
					};
					B78DA49524BED7DA00EE902B = {
						CreatedOnToolsVersion = 11.5;
						TestTargetID = B78DA47424BED7D300EE902B;
					};
				};
			};
			buildConfigurationList = B78DA47024BED7D300EE902B /* Build configuration list for PBXProject "SampleApp" */;
			compatibilityVersion = "Xcode 9.3";
			developmentRegion = en;
			hasScannedForEncodings = 0;
			knownRegions = (
				en,
				Base,
			);
			mainGroup = B78DA46C24BED7D300EE902B;
			packageReferences = (
				92DBE89F2ACA98BB007D873C /* XCRemoteSwiftPackageReference "firebase-ios-sdk" */,
			);
			productRefGroup = B78DA47624BED7D300EE902B /* Products */;
			projectDirPath = "";
			projectRoot = "";
			targets = (
				B78DA47424BED7D300EE902B /* SampleApp */,
				B78DA48A24BED7DA00EE902B /* SampleAppTests */,
				B78DA49524BED7DA00EE902B /* SampleAppUITests */,
				92DBE8A22ACA98CF007D873C /* SampleAppDistribution */,
			);
		};
/* End PBXProject section */

/* Begin PBXResourcesBuildPhase section */
		92DBE8D32ACA98CF007D873C /* Resources */ = {
			isa = PBXResourcesBuildPhase;
			buildActionMask = 2147483647;
			files = (
			);
			runOnlyForDeploymentPostprocessing = 0;
		};
		B78DA47324BED7D300EE902B /* Resources */ = {
			isa = PBXResourcesBuildPhase;
			buildActionMask = 2147483647;
			files = (
			);
			runOnlyForDeploymentPostprocessing = 0;
		};
		B78DA48924BED7DA00EE902B /* Resources */ = {
			isa = PBXResourcesBuildPhase;
			buildActionMask = 2147483647;
			files = (
			);
			runOnlyForDeploymentPostprocessing = 0;
		};
		B78DA49424BED7DA00EE902B /* Resources */ = {
			isa = PBXResourcesBuildPhase;
			buildActionMask = 2147483647;
			files = (
			);
			runOnlyForDeploymentPostprocessing = 0;
		};
/* End PBXResourcesBuildPhase section */

/* Begin PBXShellScriptBuildPhase section */
		92DBE8EB2ACA9B6C007D873C /* ShellScript */ = {
			isa = PBXShellScriptBuildPhase;
			buildActionMask = 2147483647;
			files = (
			);
			inputFileListPaths = (
			);
			inputPaths = (
				"${DWARF_DSYM_FOLDER_PATH}/${DWARF_DSYM_FILE_NAME}",
				"${DWARF_DSYM_FOLDER_PATH}/${DWARF_DSYM_FILE_NAME}/Contents/Resources/DWARF/${PRODUCT_NAME}",
				"${DWARF_DSYM_FOLDER_PATH}/${DWARF_DSYM_FILE_NAME}/Contents/Info.plist",
				"$(TARGET_BUILD_DIR)/$(UNLOCALIZED_RESOURCES_FOLDER_PATH)/GoogleService-Info.plist",
				"$(TARGET_BUILD_DIR)/$(EXECUTABLE_PATH)",
			);
			outputFileListPaths = (
			);
			outputPaths = (
			);
			runOnlyForDeploymentPostprocessing = 0;
			shellPath = /bin/sh;
			shellScript = "\"${BUILD_DIR%/Build/*}/SourcePackages/checkouts/firebase-ios-sdk/Crashlytics/run\"\n";
		};
		ED2392EF2EDEF13400FC819E /* ShellScript */ = {
			isa = PBXShellScriptBuildPhase;
			buildActionMask = 2147483647;
			files = (
			);
			inputFileListPaths = (
			);
			inputPaths = (
			);
			outputFileListPaths = (
			);
			outputPaths = (
			);
			runOnlyForDeploymentPostprocessing = 0;
			shellPath = /bin/sh;
			shellScript = "#!/bin/bash\nGIT_HASH=$(git rev-parse --short HEAD)\n\n# Write directly to a generated file\ncat > \"${SRCROOT}/SampleApp/BuildInfo.swift\" << EOF\n// You can safely ignore the content of this file. All content is generated automatically from run script.\nenum BuildInfo {\n    static let gitHash = \"${GIT_HASH}\"\n}\nEOF\n";
		};
/* End PBXShellScriptBuildPhase section */

/* Begin PBXSourcesBuildPhase section */
		92DBE8A52ACA98CF007D873C /* Sources */ = {
			isa = PBXSourcesBuildPhase;
			buildActionMask = 2147483647;
			files = (
			);
			runOnlyForDeploymentPostprocessing = 0;
		};
		B78DA47124BED7D300EE902B /* Sources */ = {
			isa = PBXSourcesBuildPhase;
			buildActionMask = 2147483647;
			files = (
			);
			runOnlyForDeploymentPostprocessing = 0;
		};
		B78DA48724BED7DA00EE902B /* Sources */ = {
			isa = PBXSourcesBuildPhase;
			buildActionMask = 2147483647;
			files = (
				B78DA49024BED7DA00EE902B /* SampleAppTests.swift in Sources */,
			);
			runOnlyForDeploymentPostprocessing = 0;
		};
		B78DA49224BED7DA00EE902B /* Sources */ = {
			isa = PBXSourcesBuildPhase;
			buildActionMask = 2147483647;
			files = (
				B78DA49B24BED7DA00EE902B /* SampleAppUITests.swift in Sources */,
			);
			runOnlyForDeploymentPostprocessing = 0;
		};
/* End PBXSourcesBuildPhase section */

/* Begin PBXTargetDependency section */
		B78DA48D24BED7DA00EE902B /* PBXTargetDependency */ = {
			isa = PBXTargetDependency;
			target = B78DA47424BED7D300EE902B /* SampleApp */;
			targetProxy = B78DA48C24BED7DA00EE902B /* PBXContainerItemProxy */;
		};
		B78DA49824BED7DA00EE902B /* PBXTargetDependency */ = {
			isa = PBXTargetDependency;
			target = B78DA47424BED7D300EE902B /* SampleApp */;
			targetProxy = B78DA49724BED7DA00EE902B /* PBXContainerItemProxy */;
		};
/* End PBXTargetDependency section */

/* Begin XCBuildConfiguration section */
		92DBE8E72ACA98CF007D873C /* Debug */ = {
			isa = XCBuildConfiguration;
			buildSettings = {
				ASSETCATALOG_COMPILER_APPICON_NAME = AppIcon;
				CODE_SIGN_ENTITLEMENTS = SampleApp/SampleApp.entitlements;
				CODE_SIGN_STYLE = Automatic;
				CURRENT_PROJECT_VERSION = 1;
				DEBUG_INFORMATION_FORMAT = "dwarf-with-dsym";
				DEVELOPMENT_TEAM = 37Z583JR6K;
				FRAMEWORK_SEARCH_PATHS = (
					"$(inherited)",
					"$(PROJECT_DIR)/../Distribution",
				);
				INFOPLIST_FILE = SampleApp/Info.plist;
				IPHONEOS_DEPLOYMENT_TARGET = 14.0;
				LD_RUNPATH_SEARCH_PATHS = (
					"$(inherited)",
					"@executable_path/Frameworks",
				);
				MARKETING_VERSION = 2.21.0;
				OTHER_SWIFT_FLAGS = "-D DISTRIBUTION";
				PRODUCT_BUNDLE_IDENTIFIER = com.ekoapp.sample;
				PRODUCT_NAME = "$(TARGET_NAME)";
				SWIFT_INCLUDE_PATHS = "";
				SWIFT_VERSION = 5.0;
				TARGETED_DEVICE_FAMILY = "1,2";
			};
			name = Debug;
		};
		92DBE8E82ACA98CF007D873C /* Release */ = {
			isa = XCBuildConfiguration;
			buildSettings = {
				ASSETCATALOG_COMPILER_APPICON_NAME = AppIcon;
				CODE_SIGN_ENTITLEMENTS = SampleApp/SampleApp.entitlements;
				CODE_SIGN_IDENTITY = "Apple Development";
				CODE_SIGN_STYLE = Automatic;
				CURRENT_PROJECT_VERSION = 1;
				DEVELOPMENT_TEAM = 37Z583JR6K;
				FRAMEWORK_SEARCH_PATHS = (
					"$(inherited)",
					"$(PROJECT_DIR)/../Distribution",
				);
				INFOPLIST_FILE = SampleApp/Info.plist;
				IPHONEOS_DEPLOYMENT_TARGET = 14.0;
				LD_RUNPATH_SEARCH_PATHS = (
					"$(inherited)",
					"@executable_path/Frameworks",
				);
				MARKETING_VERSION = 2.21.0;
				OTHER_SWIFT_FLAGS = "-D DISTRIBUTION";
				PRODUCT_BUNDLE_IDENTIFIER = com.ekoapp.sample;
				PRODUCT_NAME = "$(TARGET_NAME)";
				PROVISIONING_PROFILE_SPECIFIER = "";
				SWIFT_ACTIVE_COMPILATION_CONDITIONS = RELEASE;
				SWIFT_INCLUDE_PATHS = "";
				SWIFT_VERSION = 5.0;
				TARGETED_DEVICE_FAMILY = "1,2";
			};
			name = Release;
		};
		B78DA49D24BED7DA00EE902B /* Debug */ = {
			isa = XCBuildConfiguration;
			buildSettings = {
				ALWAYS_SEARCH_USER_PATHS = NO;
				CLANG_ANALYZER_NONNULL = YES;
				CLANG_ANALYZER_NUMBER_OBJECT_CONVERSION = YES_AGGRESSIVE;
				CLANG_CXX_LANGUAGE_STANDARD = "gnu++14";
				CLANG_CXX_LIBRARY = "libc++";
				CLANG_ENABLE_MODULES = YES;
				CLANG_ENABLE_OBJC_ARC = YES;
				CLANG_ENABLE_OBJC_WEAK = YES;
				CLANG_WARN_BLOCK_CAPTURE_AUTORELEASING = YES;
				CLANG_WARN_BOOL_CONVERSION = YES;
				CLANG_WARN_COMMA = YES;
				CLANG_WARN_CONSTANT_CONVERSION = YES;
				CLANG_WARN_DEPRECATED_OBJC_IMPLEMENTATIONS = YES;
				CLANG_WARN_DIRECT_OBJC_ISA_USAGE = YES_ERROR;
				CLANG_WARN_DOCUMENTATION_COMMENTS = YES;
				CLANG_WARN_EMPTY_BODY = YES;
				CLANG_WARN_ENUM_CONVERSION = YES;
				CLANG_WARN_INFINITE_RECURSION = YES;
				CLANG_WARN_INT_CONVERSION = YES;
				CLANG_WARN_NON_LITERAL_NULL_CONVERSION = YES;
				CLANG_WARN_OBJC_IMPLICIT_RETAIN_SELF = YES;
				CLANG_WARN_OBJC_LITERAL_CONVERSION = YES;
				CLANG_WARN_OBJC_ROOT_CLASS = YES_ERROR;
				CLANG_WARN_QUOTED_INCLUDE_IN_FRAMEWORK_HEADER = YES;
				CLANG_WARN_RANGE_LOOP_ANALYSIS = YES;
				CLANG_WARN_STRICT_PROTOTYPES = YES;
				CLANG_WARN_SUSPICIOUS_MOVE = YES;
				CLANG_WARN_UNGUARDED_AVAILABILITY = YES_AGGRESSIVE;
				CLANG_WARN_UNREACHABLE_CODE = YES;
				CLANG_WARN__DUPLICATE_METHOD_MATCH = YES;
				COPY_PHASE_STRIP = NO;
				DEBUG_INFORMATION_FORMAT = dwarf;
				ENABLE_STRICT_OBJC_MSGSEND = YES;
				ENABLE_TESTABILITY = YES;
				GCC_C_LANGUAGE_STANDARD = gnu11;
				GCC_DYNAMIC_NO_PIC = NO;
				GCC_NO_COMMON_BLOCKS = YES;
				GCC_OPTIMIZATION_LEVEL = 0;
				GCC_PREPROCESSOR_DEFINITIONS = (
					"DEBUG=1",
					"$(inherited)",
				);
				GCC_WARN_64_TO_32_BIT_CONVERSION = YES;
				GCC_WARN_ABOUT_RETURN_TYPE = YES_ERROR;
				GCC_WARN_UNDECLARED_SELECTOR = YES;
				GCC_WARN_UNINITIALIZED_AUTOS = YES_AGGRESSIVE;
				GCC_WARN_UNUSED_FUNCTION = YES;
				GCC_WARN_UNUSED_VARIABLE = YES;
				IPHONEOS_DEPLOYMENT_TARGET = 14.0;
				MTL_ENABLE_DEBUG_INFO = INCLUDE_SOURCE;
				MTL_FAST_MATH = YES;
				ONLY_ACTIVE_ARCH = YES;
				SDKROOT = iphoneos;
				SWIFT_ACTIVE_COMPILATION_CONDITIONS = DEBUG;
				SWIFT_OPTIMIZATION_LEVEL = "-Onone";
			};
			name = Debug;
		};
		B78DA49E24BED7DA00EE902B /* Release */ = {
			isa = XCBuildConfiguration;
			buildSettings = {
				ALWAYS_SEARCH_USER_PATHS = NO;
				CLANG_ANALYZER_NONNULL = YES;
				CLANG_ANALYZER_NUMBER_OBJECT_CONVERSION = YES_AGGRESSIVE;
				CLANG_CXX_LANGUAGE_STANDARD = "gnu++14";
				CLANG_CXX_LIBRARY = "libc++";
				CLANG_ENABLE_MODULES = YES;
				CLANG_ENABLE_OBJC_ARC = YES;
				CLANG_ENABLE_OBJC_WEAK = YES;
				CLANG_WARN_BLOCK_CAPTURE_AUTORELEASING = YES;
				CLANG_WARN_BOOL_CONVERSION = YES;
				CLANG_WARN_COMMA = YES;
				CLANG_WARN_CONSTANT_CONVERSION = YES;
				CLANG_WARN_DEPRECATED_OBJC_IMPLEMENTATIONS = YES;
				CLANG_WARN_DIRECT_OBJC_ISA_USAGE = YES_ERROR;
				CLANG_WARN_DOCUMENTATION_COMMENTS = YES;
				CLANG_WARN_EMPTY_BODY = YES;
				CLANG_WARN_ENUM_CONVERSION = YES;
				CLANG_WARN_INFINITE_RECURSION = YES;
				CLANG_WARN_INT_CONVERSION = YES;
				CLANG_WARN_NON_LITERAL_NULL_CONVERSION = YES;
				CLANG_WARN_OBJC_IMPLICIT_RETAIN_SELF = YES;
				CLANG_WARN_OBJC_LITERAL_CONVERSION = YES;
				CLANG_WARN_OBJC_ROOT_CLASS = YES_ERROR;
				CLANG_WARN_QUOTED_INCLUDE_IN_FRAMEWORK_HEADER = YES;
				CLANG_WARN_RANGE_LOOP_ANALYSIS = YES;
				CLANG_WARN_STRICT_PROTOTYPES = YES;
				CLANG_WARN_SUSPICIOUS_MOVE = YES;
				CLANG_WARN_UNGUARDED_AVAILABILITY = YES_AGGRESSIVE;
				CLANG_WARN_UNREACHABLE_CODE = YES;
				CLANG_WARN__DUPLICATE_METHOD_MATCH = YES;
				COPY_PHASE_STRIP = NO;
				DEBUG_INFORMATION_FORMAT = "dwarf-with-dsym";
				ENABLE_NS_ASSERTIONS = NO;
				ENABLE_STRICT_OBJC_MSGSEND = YES;
				GCC_C_LANGUAGE_STANDARD = gnu11;
				GCC_NO_COMMON_BLOCKS = YES;
				GCC_WARN_64_TO_32_BIT_CONVERSION = YES;
				GCC_WARN_ABOUT_RETURN_TYPE = YES_ERROR;
				GCC_WARN_UNDECLARED_SELECTOR = YES;
				GCC_WARN_UNINITIALIZED_AUTOS = YES_AGGRESSIVE;
				GCC_WARN_UNUSED_FUNCTION = YES;
				GCC_WARN_UNUSED_VARIABLE = YES;
				IPHONEOS_DEPLOYMENT_TARGET = 14.0;
				MTL_ENABLE_DEBUG_INFO = NO;
				MTL_FAST_MATH = YES;
				SDKROOT = iphoneos;
				SWIFT_COMPILATION_MODE = wholemodule;
				SWIFT_OPTIMIZATION_LEVEL = "-O";
				VALIDATE_PRODUCT = YES;
			};
			name = Release;
		};
		B78DA4A024BED7DA00EE902B /* Debug */ = {
			isa = XCBuildConfiguration;
			buildSettings = {
				ASSETCATALOG_COMPILER_APPICON_NAME = AppIcon;
				CODE_SIGN_ENTITLEMENTS = SampleApp/SampleApp.entitlements;
				CODE_SIGN_STYLE = Automatic;
				CURRENT_PROJECT_VERSION = 1;
				DEVELOPMENT_TEAM = 37Z583JR6K;
				FRAMEWORK_SEARCH_PATHS = (
					"$(inherited)",
					"$(PROJECT_DIR)/../Distribution",
				);
				INFOPLIST_FILE = SampleApp/Info.plist;
				LD_RUNPATH_SEARCH_PATHS = (
					"$(inherited)",
					"@executable_path/Frameworks",
				);
				MARKETING_VERSION = 2.21.0;
				PRODUCT_BUNDLE_IDENTIFIER = com.ekoapp.sample;
				PRODUCT_NAME = "$(TARGET_NAME)";
				SWIFT_INCLUDE_PATHS = "";
				SWIFT_VERSION = 5.0;
				TARGETED_DEVICE_FAMILY = "1,2";
			};
			name = Debug;
		};
		B78DA4A124BED7DA00EE902B /* Release */ = {
			isa = XCBuildConfiguration;
			buildSettings = {
				ASSETCATALOG_COMPILER_APPICON_NAME = AppIcon;
				CODE_SIGN_ENTITLEMENTS = SampleApp/SampleApp.entitlements;
				CODE_SIGN_STYLE = Automatic;
				CURRENT_PROJECT_VERSION = 1;
				DEVELOPMENT_TEAM = 37Z583JR6K;
				FRAMEWORK_SEARCH_PATHS = (
					"$(inherited)",
					"$(PROJECT_DIR)/../Distribution",
				);
				INFOPLIST_FILE = SampleApp/Info.plist;
				LD_RUNPATH_SEARCH_PATHS = (
					"$(inherited)",
					"@executable_path/Frameworks",
				);
				MARKETING_VERSION = 2.21.0;
				PRODUCT_BUNDLE_IDENTIFIER = com.ekoapp.sample;
				PRODUCT_NAME = "$(TARGET_NAME)";
				SWIFT_ACTIVE_COMPILATION_CONDITIONS = RELEASE;
				SWIFT_INCLUDE_PATHS = "";
				SWIFT_VERSION = 5.0;
				TARGETED_DEVICE_FAMILY = "1,2";
			};
			name = Release;
		};
		B78DA4A324BED7DA00EE902B /* Debug */ = {
			isa = XCBuildConfiguration;
			buildSettings = {
				BUNDLE_LOADER = "$(TEST_HOST)";
				CODE_SIGN_STYLE = Automatic;
				INFOPLIST_FILE = SampleAppTests/Info.plist;
				IPHONEOS_DEPLOYMENT_TARGET = 14.0;
				LD_RUNPATH_SEARCH_PATHS = (
					"$(inherited)",
					"@executable_path/Frameworks",
					"@loader_path/Frameworks",
				);
				PRODUCT_BUNDLE_IDENTIFIER = ekoapp.SampleAppTests;
				PRODUCT_NAME = "$(TARGET_NAME)";
				SWIFT_VERSION = 5.0;
				TARGETED_DEVICE_FAMILY = "1,2";
				TEST_HOST = "$(BUILT_PRODUCTS_DIR)/SampleApp.app/SampleApp";
			};
			name = Debug;
		};
		B78DA4A424BED7DA00EE902B /* Release */ = {
			isa = XCBuildConfiguration;
			buildSettings = {
				BUNDLE_LOADER = "$(TEST_HOST)";
				CODE_SIGN_STYLE = Automatic;
				INFOPLIST_FILE = SampleAppTests/Info.plist;
				IPHONEOS_DEPLOYMENT_TARGET = 14.0;
				LD_RUNPATH_SEARCH_PATHS = (
					"$(inherited)",
					"@executable_path/Frameworks",
					"@loader_path/Frameworks",
				);
				PRODUCT_BUNDLE_IDENTIFIER = ekoapp.SampleAppTests;
				PRODUCT_NAME = "$(TARGET_NAME)";
				SWIFT_VERSION = 5.0;
				TARGETED_DEVICE_FAMILY = "1,2";
				TEST_HOST = "$(BUILT_PRODUCTS_DIR)/SampleApp.app/SampleApp";
			};
			name = Release;
		};
		B78DA4A624BED7DA00EE902B /* Debug */ = {
			isa = XCBuildConfiguration;
			buildSettings = {
				CODE_SIGN_STYLE = Automatic;
				INFOPLIST_FILE = SampleAppUITests/Info.plist;
				LD_RUNPATH_SEARCH_PATHS = (
					"$(inherited)",
					"@executable_path/Frameworks",
					"@loader_path/Frameworks",
				);
				PRODUCT_BUNDLE_IDENTIFIER = ekoapp.SampleAppUITests;
				PRODUCT_NAME = "$(TARGET_NAME)";
				SWIFT_VERSION = 5.0;
				TARGETED_DEVICE_FAMILY = "1,2";
				TEST_TARGET_NAME = SampleApp;
			};
			name = Debug;
		};
		B78DA4A724BED7DA00EE902B /* Release */ = {
			isa = XCBuildConfiguration;
			buildSettings = {
				CODE_SIGN_STYLE = Automatic;
				INFOPLIST_FILE = SampleAppUITests/Info.plist;
				LD_RUNPATH_SEARCH_PATHS = (
					"$(inherited)",
					"@executable_path/Frameworks",
					"@loader_path/Frameworks",
				);
				PRODUCT_BUNDLE_IDENTIFIER = ekoapp.SampleAppUITests;
				PRODUCT_NAME = "$(TARGET_NAME)";
				SWIFT_VERSION = 5.0;
				TARGETED_DEVICE_FAMILY = "1,2";
				TEST_TARGET_NAME = SampleApp;
			};
			name = Release;
		};
/* End XCBuildConfiguration section */

/* Begin XCConfigurationList section */
		92DBE8E62ACA98CF007D873C /* Build configuration list for PBXNativeTarget "SampleAppDistribution" */ = {
			isa = XCConfigurationList;
			buildConfigurations = (
				92DBE8E72ACA98CF007D873C /* Debug */,
				92DBE8E82ACA98CF007D873C /* Release */,
			);
			defaultConfigurationIsVisible = 0;
			defaultConfigurationName = Release;
		};
		B78DA47024BED7D300EE902B /* Build configuration list for PBXProject "SampleApp" */ = {
			isa = XCConfigurationList;
			buildConfigurations = (
				B78DA49D24BED7DA00EE902B /* Debug */,
				B78DA49E24BED7DA00EE902B /* Release */,
			);
			defaultConfigurationIsVisible = 0;
			defaultConfigurationName = Release;
		};
		B78DA49F24BED7DA00EE902B /* Build configuration list for PBXNativeTarget "SampleApp" */ = {
			isa = XCConfigurationList;
			buildConfigurations = (
				B78DA4A024BED7DA00EE902B /* Debug */,
				B78DA4A124BED7DA00EE902B /* Release */,
			);
			defaultConfigurationIsVisible = 0;
			defaultConfigurationName = Release;
		};
		B78DA4A224BED7DA00EE902B /* Build configuration list for PBXNativeTarget "SampleAppTests" */ = {
			isa = XCConfigurationList;
			buildConfigurations = (
				B78DA4A324BED7DA00EE902B /* Debug */,
				B78DA4A424BED7DA00EE902B /* Release */,
			);
			defaultConfigurationIsVisible = 0;
			defaultConfigurationName = Release;
		};
		B78DA4A524BED7DA00EE902B /* Build configuration list for PBXNativeTarget "SampleAppUITests" */ = {
			isa = XCConfigurationList;
			buildConfigurations = (
				B78DA4A624BED7DA00EE902B /* Debug */,
				B78DA4A724BED7DA00EE902B /* Release */,
			);
			defaultConfigurationIsVisible = 0;
			defaultConfigurationName = Release;
		};
/* End XCConfigurationList section */

/* Begin XCRemoteSwiftPackageReference section */
		92DBE89F2ACA98BB007D873C /* XCRemoteSwiftPackageReference "firebase-ios-sdk" */ = {
			isa = XCRemoteSwiftPackageReference;
			repositoryURL = "https://github.com/firebase/firebase-ios-sdk";
			requirement = {
				kind = exactVersion;
				version = 10.15.0;
			};
		};
		92DBE8A42ACA98CF007D873C /* XCRemoteSwiftPackageReference "firebase-ios-sdk" */ = {
			isa = XCRemoteSwiftPackageReference;
			repositoryURL = "https://github.com/firebase/firebase-ios-sdk";
			requirement = {
				kind = exactVersion;
				version = 10.15.0;
			};
		};
/* End XCRemoteSwiftPackageReference section */

/* Begin XCSwiftPackageProductDependency section */
		68E6F9192F2F6C0600EA04B3 /* SharedFrameworks */ = {
			isa = XCSwiftPackageProductDependency;
			productName = SharedFrameworks;
		};
		92DBE8A32ACA98CF007D873C /* FirebaseCrashlytics */ = {
			isa = XCSwiftPackageProductDependency;
			package = 92DBE8A42ACA98CF007D873C /* XCRemoteSwiftPackageReference "firebase-ios-sdk" */;
			productName = FirebaseCrashlytics;
		};
/* End XCSwiftPackageProductDependency section */
	};
	rootObject = B78DA46D24BED7D300EE902B /* Project object */;
}
