// !$*UTF8*$!
{
	archiveVersion = 1;
	classes = {
	};
	objectVersion = 70;
	objects = {

/* Begin PBXBuildFile section */
		684AE0FC2B0C5B0200FD7270 /* AmityUIKit4.framework in Frameworks */ = {isa = PBXBuildFile; fileRef = 684AE0F12B0C5B0200FD7270 /* AmityUIKit4.framework */; };
		684AE1012B0C5B0200FD7270 /* AmityUIKit4Tests.swift in Sources */ = {isa = PBXBuildFile; fileRef = 684AE1002B0C5B0200FD7270 /* AmityUIKit4Tests.swift */; };
		685F16C22BFCABAD0016685F /* AmityReactionList.swift in Sources */ = {isa = PBXBuildFile; fileRef = 685F16C12BFCABAD0016685F /* AmityReactionList.swift */; };
		685F16C62BFCABB50016685F /* ReactionTabBarView.swift in Sources */ = {isa = PBXBuildFile; fileRef = 685F16C52BFCABB50016685F /* ReactionTabBarView.swift */; };
		926A57202F4742C000B72702 /* SharedFrameworks in Frameworks */ = {isa = PBXBuildFile; productRef = 926A571F2F4742C000B72702 /* SharedFrameworks */; };
/* End PBXBuildFile section */

/* Begin PBXContainerItemProxy section */
		684AE0FD2B0C5B0200FD7270 /* PBXContainerItemProxy */ = {
			isa = PBXContainerItemProxy;
			containerPortal = 684AE0E82B0C5B0100FD7270 /* Project object */;
			proxyType = 1;
			remoteGlobalIDString = 684AE0F02B0C5B0200FD7270;
			remoteInfo = AmityUIKit4;
		};
/* End PBXContainerItemProxy section */

/* Begin PBXFileReference section */
		68435FE02C8EE19B000B7737 /* AmityCommunityImageFeedComponent.swift */ = {isa = PBXFileReference; lastKnownFileType = sourcecode.swift; path = AmityCommunityImageFeedComponent.swift; sourceTree = "<group>"; };
		68435FE22C8EFC9A000B7737 /* AmityCommunityMediaFeedViewModel.swift */ = {isa = PBXFileReference; lastKnownFileType = sourcecode.swift; path = AmityCommunityMediaFeedViewModel.swift; sourceTree = "<group>"; };
		684AE0F12B0C5B0200FD7270 /* AmityUIKit4.framework */ = {isa = PBXFileReference; explicitFileType = wrapper.framework; includeInIndex = 0; path = AmityUIKit4.framework; sourceTree = BUILT_PRODUCTS_DIR; };
		684AE0FB2B0C5B0200FD7270 /* AmityUIKit4Tests.xctest */ = {isa = PBXFileReference; explicitFileType = wrapper.cfbundle; includeInIndex = 0; path = AmityUIKit4Tests.xctest; sourceTree = BUILT_PRODUCTS_DIR; };
		684AE1002B0C5B0200FD7270 /* AmityUIKit4Tests.swift */ = {isa = PBXFileReference; lastKnownFileType = sourcecode.swift; path = AmityUIKit4Tests.swift; sourceTree = "<group>"; };
		684AE10E2B0C5D2000FD7270 /* AmitySDK.xcframework */ = {isa = PBXFileReference; lastKnownFileType = wrapper.xcframework; name = AmitySDK.xcframework; path = ../EkoMessagingSDKUIKitIOS/UpstraUIKit/Shared/AmitySDK.xcframework; sourceTree = "<group>"; };
		684AE10F2B0C5D2000FD7270 /* Realm.xcframework */ = {isa = PBXFileReference; lastKnownFileType = wrapper.xcframework; name = Realm.xcframework; path = ../EkoMessagingSDKUIKitIOS/UpstraUIKit/Shared/Realm.xcframework; sourceTree = "<group>"; };
		684AE1102B0C5D2000FD7270 /* RealmSwift.xcframework */ = {isa = PBXFileReference; lastKnownFileType = wrapper.xcframework; name = RealmSwift.xcframework; path = ../EkoMessagingSDKUIKitIOS/UpstraUIKit/Shared/RealmSwift.xcframework; sourceTree = "<group>"; };
		684AE1332B0C968F00FD7270 /* AmitySDK.xcframework */ = {isa = PBXFileReference; lastKnownFileType = wrapper.xcframework; name = AmitySDK.xcframework; path = ../Shared/AmitySDK.xcframework; sourceTree = "<group>"; };
		684AE1342B0C968F00FD7270 /* Realm.xcframework */ = {isa = PBXFileReference; expectedSignature = "AppleDeveloperProgram:37Z583JR6K:Amity Technologies (Thailand) Co., Ltd."; lastKnownFileType = wrapper.xcframework; name = Realm.xcframework; path = ../Shared/Realm.xcframework; sourceTree = "<group>"; };
		684AE1352B0C968F00FD7270 /* RealmSwift.xcframework */ = {isa = PBXFileReference; expectedSignature = "AppleDeveloperProgram:37Z583JR6K:Eko Corporation Company Limited"; lastKnownFileType = wrapper.xcframework; name = RealmSwift.xcframework; path = ../Shared/RealmSwift.xcframework; sourceTree = "<group>"; };
		685F16C12BFCABAD0016685F /* AmityReactionList.swift */ = {isa = PBXFileReference; fileEncoding = 4; lastKnownFileType = sourcecode.swift; name = AmityReactionList.swift; path = AmityUIKit4/Core/Components/Reaction/AmityReactionList.swift; sourceTree = SOURCE_ROOT; };
		685F16C32BFCABB10016685F /* ReactionListHeader.swift */ = {isa = PBXFileReference; fileEncoding = 4; lastKnownFileType = sourcecode.swift; name = ReactionListHeader.swift; path = AmityUIKit4/Core/Components/Reaction/ReactionListHeader.swift; sourceTree = SOURCE_ROOT; };
		685F16C52BFCABB50016685F /* ReactionTabBarView.swift */ = {isa = PBXFileReference; fileEncoding = 4; lastKnownFileType = sourcecode.swift; name = ReactionTabBarView.swift; path = AmityUIKit4/Core/Components/Reaction/ReactionTabBarView.swift; sourceTree = SOURCE_ROOT; };
		6869148D2CB7FB6100D64409 /* AmityVideoPlayerKit.xcframework */ = {isa = PBXFileReference; lastKnownFileType = wrapper.xcframework; name = AmityVideoPlayerKit.xcframework; path = ../Shared/AmityVideoPlayerKit.xcframework; sourceTree = "<group>"; };
		686914912CB7FBBC00D64409 /* MobileVLCKit.xcframework */ = {isa = PBXFileReference; lastKnownFileType = wrapper.xcframework; name = MobileVLCKit.xcframework; path = ../Shared/MobileVLCKit.xcframework; sourceTree = "<group>"; };
		689EE69A2BECC07800927D51 /* AmityUIKit.framework */ = {isa = PBXFileReference; explicitFileType = wrapper.framework; path = AmityUIKit.framework; sourceTree = BUILT_PRODUCTS_DIR; };
		926C522D2CB91DA40085CA64 /* MobileVLCKit.xcframework */ = {isa = PBXFileReference; lastKnownFileType = wrapper.xcframework; name = MobileVLCKit.xcframework; path = ../Shared/MobileVLCKit.xcframework; sourceTree = "<group>"; };
		926C52312CB91DAA0085CA64 /* AmityVideoPlayerKit.xcframework */ = {isa = PBXFileReference; lastKnownFileType = wrapper.xcframework; name = AmityVideoPlayerKit.xcframework; path = ../Shared/AmityVideoPlayerKit.xcframework; sourceTree = "<group>"; };
		ED84C3732D7AB16C006FD1DA /* AmityLiveVideoBroadcastKit.xcframework */ = {isa = PBXFileReference; lastKnownFileType = wrapper.xcframework; name = AmityLiveVideoBroadcastKit.xcframework; path = ../Shared/AmityLiveVideoBroadcastKit.xcframework; sourceTree = "<group>"; };
		ED8C1C392DF1493A00F4AE80 /* AmityJoinRequestContentComponentBehavior.swift */ = {isa = PBXFileReference; lastKnownFileType = sourcecode.swift; path = AmityJoinRequestContentComponentBehavior.swift; sourceTree = "<group>"; };
		EDA3AF992E24C3DF00473F1E /* ShareActivitySheetView.swift */ = {isa = PBXFileReference; lastKnownFileType = sourcecode.swift; path = ShareActivitySheetView.swift; sourceTree = "<group>"; };
/* End PBXFileReference section */

/* Begin PBXFileSystemSynchronizedBuildFileExceptionSet section */
		68E4729D2E2FA87B00F01375 /* PBXFileSystemSynchronizedBuildFileExceptionSet */ = {
			isa = PBXFileSystemSynchronizedBuildFileExceptionSet;
			membershipExceptions = (
				Ads/AssetSync/AssetSyncEngine.swift,
				Ads/Engine/AdEngine.swift,
				Ads/Models/AdAsset.swift,
				Ads/Models/AdSeenEvent.swift,
				Ads/Models/RealmStore.swift,
				"Ads/Models/SDKModel+Extension.swift",
				Ads/Models/UIKitRealmModel.swift,
				Ads/Paginator/FixedFrequencyAdInjector.swift,
				Ads/Paginator/StoryFixedFrequencyAdInjector.swift,
				Ads/Paginator/TimeWindowAdsInjector.swift,
				Ads/Paginator/UIKitPaginator.swift,
				Ads/Paginator/UIKitStoryPaginator.swift,
				Ads/Supplier/AdSupplier.swift,
				Ads/TimeWindow/AdTimeWindowTracker.swift,
				AmityUIKit4.docc,
				AmityUIKit4.h,
				AmityUIKit4.swift,
				AmityUIKitConfig.json,
				Assets.xcassets,
				Chat/Behaviours/ChatBehavior.swift,
				Chat/Components/Bubble/AmityLiveChatMessageReactionPreview.swift,
				Chat/Components/Bubble/AmityMessageAction.swift,
				Chat/Components/Bubble/LiveChat/AmityLiveChatMessageReceiverView.swift,
				Chat/Components/Bubble/LiveChat/AmityLiveChatMessageSenderView.swift,
				Chat/Components/Bubble/LiveChat/LiveChatMessageBubble.swift,
				Chat/Components/Bubble/LiveChat/LiveChatMessageBubbleView.swift,
				Chat/Components/Bubble/LiveChat/Reaction/AmityLiveChatMessageQuickReaction.swift,
				Chat/Components/Bubble/LiveChat/Reaction/AmityLiveChatMessageReactionPicker.swift,
				Chat/Components/Bubble/MessageAvatarView.swift,
				Chat/Components/Bubble/MessageStatusView.swift,
				Chat/Components/Composer/AmityLiveChatMessageComposeBar.swift,
				Chat/Components/Composer/AmityMentionUserListView.swift,
				Chat/Components/Composer/AmityMessageComposerViewModel.swift,
				Chat/Components/Composer/AmityTextMessageEditPreview.swift,
				Chat/Components/Composer/AmityTextMessageReplyPreview.swift,
				Chat/Components/Composer/Elements/AmityMessageTextEditorView.swift,
				Chat/Components/Composer/Elements/ExpandableTextEditorView.swift,
				Chat/Components/EmptyStates/AmityEmptyStateView.swift,
				Chat/Components/Header/AmityLiveChatHeader.swift,
				Chat/Components/Header/AmityLiveChatHeaderViewModel.swift,
				Chat/Components/MessageList/AmityLiveChatMessageList.swift,
				Chat/Components/MessageList/AmityMessageListViewModel.swift,
				Chat/Components/MessageList/MessageCache.swift,
				Chat/Elements/ChatElement.swift,
				Chat/Managers/ChannelManager.swift,
				Chat/Managers/ChatManager.swift,
				Chat/Model/MessageModel.swift,
				Chat/Pages/AmityLiveChatPage.swift,
				Chat/Pages/AmityLiveChatPageViewModel.swift,
				Clip/Page/Capture/AmityCreateClipPostPage.swift,
				Clip/Page/Capture/AmityCreateClipPostPageViewModel.swift,
				Clip/Page/ClipPostAlert.swift,
				Clip/Page/Draft/AmityDraftClipPage.swift,
				Clip/Page/Draft/AmityDraftClipPageViewModel.swift,
				Clip/Page/Feed/AmityClipFeedPage.swift,
				Clip/Page/Feed/AVPlayerLayerCache.swift,
				Clip/Page/Feed/ClipFeedEmptyStateView.swift,
				Clip/Page/Feed/ClipFeedItemOverlayView.swift,
				Clip/Page/Feed/ClipFeedViewCell.swift,
				Clip/Page/Feed/ClipFeedViewController.swift,
				Clip/Page/Feed/Elements/VideoSeekBar.swift,
				Clip/Page/Feed/FeedProviders/ClipService.swift,
				Clip/Page/Feed/FeedProviders/GlobalFeedClipService.swift,
				Clip/Page/Feed/FeedProviders/SingleClipService.swift,
				Clip/Page/Feed/FeedProviders/TargetFeedClipService.swift,
				Clip/Page/PostContentClipView.swift,
				Clip/Page/VideoPlayer/AmityMediaMetadata.swift,
				Clip/Page/VideoPlayer/AmityMediaPlayer.swift,
				Clip/Page/VideoPlayer/AmityMediaPlayerController.swift,
				Core/Behaviour/AmityUIKitBehaviour.swift,
				Core/Components/AmityUserProfileImageView.swift,
				Core/Components/CategoryListView.swift,
				Core/Components/PreviewLinkView.swift,
				Core/Components/Reaction/AmityReactionBar.swift,
				Core/Components/Reaction/AmityReactionListViewModel.swift,
				Core/Components/Reaction/AmitySocialReactionPicker.swift,
				Core/Components/Reaction/LiveReactionView/LiveReactionEngine.swift,
				Core/Components/Reaction/LiveReactionView/LiveReactionView.swift,
				Core/Components/Reaction/LiveReactionView/LiveReactionViewModel.swift,
				Core/Components/Reaction/ReactionListContent.swift,
				Core/Components/Reaction/ReactionListHeader.swift,
				Core/Components/TabBarView.swift,
				Core/Components/TabItemView.swift,
				Core/Components/TargetSelectionView.swift,
				Core/CustomViewModifiers/AmityPaddingModifier.swift,
				Core/CustomViewModifiers/AmityTextViewModifier.swift,
				Core/CustomViewModifiers/AnimationViewModifiers.swift,
				Core/CustomViewModifiers/BottomSheetViewModifier.swift,
				Core/CustomViewModifiers/CustomViewModifiers.swift,
				Core/CustomViewModifiers/PreferenceKeys.swift,
				Core/CustomViewModifiers/ShakeEffect.swift,
				Core/CustomViews/ActivityIndicatorView.swift,
				Core/CustomViews/AmityButtonStyle.swift,
				Core/CustomViews/AmityNavigationBar.swift,
				Core/CustomViews/AmityTextEditorView.swift,
				Core/CustomViews/AmityVideoPlayerView.swift,
				Core/CustomViews/AsyncImage.swift,
				Core/CustomViews/AVPlayerView.swift,
				Core/CustomViews/BottomSheetDragIndicator.swift,
				Core/CustomViews/BottomSheetItemView.swift,
				Core/CustomViews/BottomSheetRadioItemView.swift,
				Core/CustomViews/CircularProgressView.swift,
				Core/CustomViews/GestureView.swift,
				Core/CustomViews/ImageVideoCameraPicker.swift,
				Core/CustomViews/ImageVideoPicker.swift,
				Core/CustomViews/InfoTextField.swift,
				Core/CustomViews/MessageOverlay/MessageActionOverlayView.swift,
				Core/CustomViews/MessageOverlay/MessageActionView.swift,
				Core/CustomViews/MessageOverlay/ReactionOverlayController.swift,
				Core/CustomViews/MultiSelectionMediaPicker.swift,
				Core/CustomViews/SegmentedPickerView.swift,
				Core/CustomViews/ShareActivitySheetView.swift,
				Core/CustomViews/Toast.swift,
				Core/CustomViews/Toast.xib,
				Core/Extenral/BottomSheet/BottomSheet.swift,
				Core/Extenral/BottomSheet/RoundedCorner.swift,
				Core/Extenral/BottomSheet/ViewExtension.swift,
				Core/Extenral/CameraManager.swift,
				Core/Extenral/ExpandableText/ExpandableText.swift,
				"Core/Extenral/ExpandableText/ExpandableText+Modifiers.swift",
				Core/Extenral/ExpandableText/OverlayAdapter.swift,
				Core/Extenral/ExpandableText/TruncationTextMask.swift,
				Core/Extenral/ExpandableText/ViewSizeReader.swift,
				Core/Extenral/FlexibleView.swift,
				Core/Extenral/Kingfisher/Cache/CacheSerializer.swift,
				Core/Extenral/Kingfisher/Cache/DiskStorage.swift,
				Core/Extenral/Kingfisher/Cache/FormatIndicatedCacheSerializer.swift,
				Core/Extenral/Kingfisher/Cache/ImageCache.swift,
				Core/Extenral/Kingfisher/Cache/MemoryStorage.swift,
				Core/Extenral/Kingfisher/Cache/Storage.swift,
				"Core/Extenral/Kingfisher/Extensions/CPListItem+Kingfisher.swift",
				"Core/Extenral/Kingfisher/Extensions/HasImageComponent+Kingfisher.swift",
				"Core/Extenral/Kingfisher/Extensions/ImageView+Kingfisher.swift",
				"Core/Extenral/Kingfisher/Extensions/NSButton+Kingfisher.swift",
				"Core/Extenral/Kingfisher/Extensions/NSTextAttachment+Kingfisher.swift",
				"Core/Extenral/Kingfisher/Extensions/UIButton+Kingfisher.swift",
				Core/Extenral/Kingfisher/General/ImageSource/AVAssetImageDataProvider.swift,
				Core/Extenral/Kingfisher/General/ImageSource/ImageDataProvider.swift,
				Core/Extenral/Kingfisher/General/ImageSource/PHPickerResultImageDataProvider.swift,
				Core/Extenral/Kingfisher/General/ImageSource/Resource.swift,
				Core/Extenral/Kingfisher/General/ImageSource/Source.swift,
				Core/Extenral/Kingfisher/General/KF.swift,
				Core/Extenral/Kingfisher/General/KFOptionsSetter.swift,
				Core/Extenral/Kingfisher/General/Kingfisher.swift,
				Core/Extenral/Kingfisher/General/KingfisherError.swift,
				Core/Extenral/Kingfisher/General/KingfisherManager.swift,
				Core/Extenral/Kingfisher/General/KingfisherOptionsInfo.swift,
				Core/Extenral/Kingfisher/Image/Filter.swift,
				Core/Extenral/Kingfisher/Image/GIFAnimatedImage.swift,
				Core/Extenral/Kingfisher/Image/GraphicsContext.swift,
				Core/Extenral/Kingfisher/Image/Image.swift,
				Core/Extenral/Kingfisher/Image/ImageDrawing.swift,
				Core/Extenral/Kingfisher/Image/ImageFormat.swift,
				Core/Extenral/Kingfisher/Image/ImageProcessor.swift,
				Core/Extenral/Kingfisher/Image/ImageProgressive.swift,
				Core/Extenral/Kingfisher/Image/ImageTransition.swift,
				Core/Extenral/Kingfisher/Image/Placeholder.swift,
				Core/Extenral/Kingfisher/Networking/AuthenticationChallengeResponsable.swift,
				Core/Extenral/Kingfisher/Networking/ImageDataProcessor.swift,
				Core/Extenral/Kingfisher/Networking/ImageDownloader.swift,
				Core/Extenral/Kingfisher/Networking/ImageDownloaderDelegate.swift,
				Core/Extenral/Kingfisher/Networking/ImageModifier.swift,
				Core/Extenral/Kingfisher/Networking/ImagePrefetcher.swift,
				Core/Extenral/Kingfisher/Networking/RedirectHandler.swift,
				Core/Extenral/Kingfisher/Networking/RequestModifier.swift,
				Core/Extenral/Kingfisher/Networking/RetryStrategy.swift,
				Core/Extenral/Kingfisher/Networking/SessionDataTask.swift,
				Core/Extenral/Kingfisher/Networking/SessionDelegate.swift,
				Core/Extenral/Kingfisher/SwiftUI/ImageBinder.swift,
				Core/Extenral/Kingfisher/SwiftUI/ImageContext.swift,
				Core/Extenral/Kingfisher/SwiftUI/KFAnimatedImage.swift,
				Core/Extenral/Kingfisher/SwiftUI/KFImage.swift,
				Core/Extenral/Kingfisher/SwiftUI/KFImageOptions.swift,
				Core/Extenral/Kingfisher/SwiftUI/KFImageProtocol.swift,
				Core/Extenral/Kingfisher/SwiftUI/KFImageRenderer.swift,
				Core/Extenral/Kingfisher/Utility/Box.swift,
				Core/Extenral/Kingfisher/Utility/CallbackQueue.swift,
				Core/Extenral/Kingfisher/Utility/Delegate.swift,
				Core/Extenral/Kingfisher/Utility/DisplayLink.swift,
				Core/Extenral/Kingfisher/Utility/ExtensionHelpers.swift,
				Core/Extenral/Kingfisher/Utility/Result.swift,
				Core/Extenral/Kingfisher/Utility/Runtime.swift,
				Core/Extenral/Kingfisher/Utility/SizeExtensions.swift,
				"Core/Extenral/Kingfisher/Utility/String+SHA256.swift",
				Core/Extenral/Kingfisher/Views/AnimatedImageView.swift,
				Core/Extenral/Kingfisher/Views/Indicator.swift,
				Core/Extenral/Pager/SwiftUIPager/Helpers/Buildable.swift,
				"Core/Extenral/Pager/SwiftUIPager/Helpers/CGPoint+Angle.swift",
				Core/Extenral/Pager/SwiftUIPager/Helpers/OnAnimationCompletedModifier.swift,
				"Core/Extenral/Pager/SwiftUIPager/Helpers/View+Helper.swift",
				Core/Extenral/Pager/SwiftUIPager/Page.swift,
				Core/Extenral/Pager/SwiftUIPager/PageConfiguration/ContentLoadingPolicy.swift,
				Core/Extenral/Pager/SwiftUIPager/PageConfiguration/GesturePriority.swift,
				Core/Extenral/Pager/SwiftUIPager/PageConfiguration/PaginationSensitivity.swift,
				Core/Extenral/Pager/SwiftUIPager/PageConfiguration/PagingAnimation.swift,
				Core/Extenral/Pager/SwiftUIPager/PageConfiguration/PositionAlignment.swift,
				Core/Extenral/Pager/SwiftUIPager/PageConfiguration/SwipeDirection.swift,
				Core/Extenral/Pager/SwiftUIPager/PageConfiguration/SwipeInteractionArea.swift,
				Core/Extenral/Pager/SwiftUIPager/Pager.swift,
				"Core/Extenral/Pager/SwiftUIPager/Pager+Buildable.swift",
				Core/Extenral/Pager/SwiftUIPager/PagerContent.swift,
				"Core/Extenral/Pager/SwiftUIPager/PagerContent+Buildable.swift",
				"Core/Extenral/Pager/SwiftUIPager/PagerContent+Helper.swift",
				Core/Extenral/Pager/SwiftUIPager/PageTransition.swift,
				Core/Extenral/Pager/SwiftUIPager/PageWrapper.swift,
				Core/Extenral/Shimmer/Shimmer.swift,
				Core/Extenral/URLImage/Dependencies/Sources/DownloadManager/Common/DownloadProgress.swift,
				Core/Extenral/URLImage/Dependencies/Sources/DownloadManager/Common/Utils.swift,
				Core/Extenral/URLImage/Dependencies/Sources/DownloadManager/Download/Download.swift,
				Core/Extenral/URLImage/Dependencies/Sources/DownloadManager/Download/DownloadPublisher.swift,
				Core/Extenral/URLImage/Dependencies/Sources/DownloadManager/Download/DownloadTask.swift,
				Core/Extenral/URLImage/Dependencies/Sources/DownloadManager/Download/DownloadTypes.swift,
				Core/Extenral/URLImage/Dependencies/Sources/DownloadManager/DownloadManager.swift,
				Core/Extenral/URLImage/Dependencies/Sources/DownloadManager/URLSession/URLSessionCoordinator.swift,
				Core/Extenral/URLImage/Dependencies/Sources/DownloadManager/URLSession/URLSessionDelegate.swift,
				"Core/Extenral/URLImage/Dependencies/Sources/FileIndex/Common/Bundle+Extensions.swift",
				Core/Extenral/URLImage/Dependencies/Sources/FileIndex/File.swift,
				Core/Extenral/URLImage/Dependencies/Sources/FileIndex/FileIndex.swift,
				Core/Extenral/URLImage/Dependencies/Sources/ImageDecoder/ImageDecoder.swift,
				Core/Extenral/URLImage/Dependencies/Sources/Log/Logging.swift,
				"Core/Extenral/URLImage/Dependencies/Sources/Model/FileManager+Extensions.swift",
				Core/Extenral/URLImage/Dependencies/Sources/Model/ImageInfo.swift,
				Core/Extenral/URLImage/Dependencies/Sources/Model/TransientImage.swift,
				"Core/Extenral/URLImage/Dependencies/Sources/Model/TransientImage+ImageDecoder.swift",
				Core/Extenral/URLImage/Dependencies/Sources/Model/URLImageError.swift,
				Core/Extenral/URLImage/Dependencies/Sources/PlainDatabase/CoreDataModel/CoreDataAttributeDescription.swift,
				Core/Extenral/URLImage/Dependencies/Sources/PlainDatabase/CoreDataModel/CoreDataEntityDescription.swift,
				Core/Extenral/URLImage/Dependencies/Sources/PlainDatabase/CoreDataModel/CoreDataFetchIndexDescription.swift,
				Core/Extenral/URLImage/Dependencies/Sources/PlainDatabase/CoreDataModel/CoreDataModelDescription.swift,
				Core/Extenral/URLImage/Dependencies/Sources/PlainDatabase/CoreDataModel/ManagedObjectCodable.swift,
				Core/Extenral/URLImage/Dependencies/Sources/PlainDatabase/Database.swift,
				Core/Extenral/URLImage/Dependencies/Sources/PlainDatabase/PlainDatabase.swift,
				"Core/Extenral/URLImage/Sources/URLImage/Common/Image_Orientation+CGImagePropertyOrientation.swift",
				Core/Extenral/URLImage/Sources/URLImage/Common/Synchronized.swift,
				"Core/Extenral/URLImage/Sources/URLImage/Common/TransientImage+SwiftUI.swift",
				Core/Extenral/URLImage/Sources/URLImage/Common/URLImageKey.swift,
				"Core/Extenral/URLImage/Sources/URLImage/EnvironmentValues+URLImage.swift",
				Core/Extenral/URLImage/Sources/URLImage/RemoteImage/RemoteImage.swift,
				Core/Extenral/URLImage/Sources/URLImage/RemoteImage/RemoteImageLoadingState.swift,
				Core/Extenral/URLImage/Sources/URLImage/Service/URLImageService.swift,
				"Core/Extenral/URLImage/Sources/URLImage/Service/URLImageService+Decode.swift",
				"Core/Extenral/URLImage/Sources/URLImage/Service/URLImageService+RemoteImage.swift",
				Core/Extenral/URLImage/Sources/URLImage/Store/Common/URLImageStoreInfo.swift,
				Core/Extenral/URLImage/Sources/URLImage/Store/URLImageFileStoreType.swift,
				"Core/Extenral/URLImage/Sources/URLImage/Store/URLImageFileStoreType+Combine.swift",
				Core/Extenral/URLImage/Sources/URLImage/Store/URLImageInMemoryStoreType.swift,
				Core/Extenral/URLImage/Sources/URLImage/Store/URLImageStoreType.swift,
				Core/Extenral/URLImage/Sources/URLImage/URLImage.swift,
				Core/Extenral/URLImage/Sources/URLImage/URLImageOptions.swift,
				Core/Extenral/URLImage/Sources/URLImage/Views/Auxiliary/URLImageActivityIndicator.swift,
				Core/Extenral/URLImage/Sources/URLImage/Views/RemoteImageView.swift,
				Core/Extenral/URLImage/Sources/URLImageStore/URLImageFileStore.swift,
				Core/Extenral/URLImage/Sources/URLImageStore/URLImageInMemoryStore.swift,
				Core/Extenral/VideoPlayer/GSPlayer/Assets/.gitkeep,
				Core/Extenral/VideoPlayer/GSPlayer/Classes/Cache/VideoCacheAction.swift,
				Core/Extenral/VideoPlayer/GSPlayer/Classes/Cache/VideoCacheConfiguration.swift,
				Core/Extenral/VideoPlayer/GSPlayer/Classes/Cache/VideoCacheHandler.swift,
				Core/Extenral/VideoPlayer/GSPlayer/Classes/Cache/VideoCacheManager.swift,
				Core/Extenral/VideoPlayer/GSPlayer/Classes/Download/VideoDownloader.swift,
				Core/Extenral/VideoPlayer/GSPlayer/Classes/Download/VideoDownloaderHandler.swift,
				Core/Extenral/VideoPlayer/GSPlayer/Classes/Download/VideoDownloaderSessionDelegateHandler.swift,
				Core/Extenral/VideoPlayer/GSPlayer/Classes/Download/VideoDownloadInfo.swift,
				"Core/Extenral/VideoPlayer/GSPlayer/Classes/Extension/AVAssetResourceLoadingRequest+Extensions.swift",
				"Core/Extenral/VideoPlayer/GSPlayer/Classes/Extension/AVPlayer+Extensions.swift",
				"Core/Extenral/VideoPlayer/GSPlayer/Classes/Extension/AVPlayerItem+Extensions.swift",
				"Core/Extenral/VideoPlayer/GSPlayer/Classes/Extension/Double+Extensions.swift",
				"Core/Extenral/VideoPlayer/GSPlayer/Classes/Extension/Float+Extensions.swift",
				"Core/Extenral/VideoPlayer/GSPlayer/Classes/Extension/Int+Extensions.swift",
				"Core/Extenral/VideoPlayer/GSPlayer/Classes/Extension/String+Extensions.swift",
				Core/Extenral/VideoPlayer/GSPlayer/Classes/Loader/VideoInfo.swift,
				Core/Extenral/VideoPlayer/GSPlayer/Classes/Loader/VideoLoader.swift,
				Core/Extenral/VideoPlayer/GSPlayer/Classes/Loader/VideoLoadManager.swift,
				Core/Extenral/VideoPlayer/GSPlayer/Classes/Loader/VideoPreloadManager.swift,
				Core/Extenral/VideoPlayer/GSPlayer/Classes/Loader/VideoRequestLoader.swift,
				Core/Extenral/VideoPlayer/GSPlayer/Classes/MacOS/GSAVPlayerViewController.swift,
				Core/Extenral/VideoPlayer/GSPlayer/Classes/View/VideoFullscreenPlayerView.swift,
				Core/Extenral/VideoPlayer/GSPlayer/Classes/View/VideoFullscreenTransitioner.swift,
				Core/Extenral/VideoPlayer/GSPlayer/Classes/View/VideoPlayerView.swift,
				Core/Extenral/VideoPlayer/VideoPlayer.swift,
				"Core/Extensions/AmityCommunityMember+Extension.swift",
				"Core/Extensions/AmityCommunityNotificaitonSettings+Extension.swift",
				"Core/Extensions/AmityInvitation+Extension.swift",
				"Core/Extensions/AmityMediaSize+Extension.swift",
				"Core/Extensions/Array+Extension.swift",
				"Core/Extensions/Codable+Extension.swift",
				"Core/Extensions/Date+Extension.swift",
				"Core/Extensions/Dictionary+Extension.swift",
				"Core/Extensions/Error+Extension.swift",
				"Core/Extensions/Int+Extension.swift",
				"Core/Extensions/Notification+Extension.swift",
				"Core/Extensions/NSAttributedString+Extension.swift",
				"Core/Extensions/String+Extension.swift",
				"Core/Extensions/Task+Extension.swift",
				"Core/Extensions/TimeInterval+Extension.swift",
				"Core/Extensions/UIApplication+Extension.swift",
				"Core/Extensions/UIColor+Extension.swift",
				"Core/Extensions/UIImage+Extension.swift",
				"Core/Extensions/UINavigationController+Extension.swift",
				Core/Localization/AmityLocalizable.strings,
				Core/Managers/CommentManager.swift,
				Core/Managers/CommunityManager.swift,
				Core/Managers/FeedManager.swift,
				Core/Managers/FileRepositoryManager.swift,
				Core/Managers/InvitationManager.swift,
				Core/Managers/MentionListProvider.swift,
				Core/Managers/MentionManager.swift,
				Core/Managers/MentionTextEditor.swift,
				Core/Managers/NotificationManager.swift,
				Core/Managers/NotificationTrayManager.swift,
				Core/Managers/PollManager.swift,
				Core/Managers/PostManager.swift,
				Core/Managers/ReactionManager.swift,
				Core/Managers/StoryManager.swift,
				Core/Managers/StreamManager.swift,
				Core/Managers/TextHighlighter.swift,
				Core/Managers/UserManager.swift,
				Core/Protocols/AmityComponentView.swift,
				Core/Protocols/AmityElementView.swift,
				Core/Protocols/AmityPageView.swift,
				Core/Protocols/AmityView.swift,
				Core/Protocols/AmityViewBuildable.swift,
				Core/Protocols/AmityViewIdentifiable.swift,
				Core/Utilities/AccessibilityID.swift,
				Core/Utilities/AmityFileCache.swift,
				Core/Utilities/AmityIcon.swift,
				Core/Utilities/AmityLocalizedStringSet.swift,
				Core/Utilities/AmityPreviewLinkWizard.swift,
				Core/Utilities/AmitySwiftUIHostWrapper.swift,
				Core/Utilities/AmityUserAction.swift,
				Core/Utilities/ConfigControllers/AmityTheme.swift,
				Core/Utilities/ConfigControllers/AmityUIKitConfigController.swift,
				Core/Utilities/ConfigControllers/AmityViewConfigController.swift,
				Core/Utilities/ConfigControllers/RemoteConfig.swift,
				Core/Utilities/Constants/AmityViewId.swift,
				Core/Utilities/Debouncer.swift,
				Core/Utilities/ImageConverter.swift,
				Core/Utilities/ImpactFeedbackGenerator.swift,
				Core/Utilities/KeyboardHelper.swift,
				Core/Utilities/Log.swift,
				Core/Utilities/MessageReactionConfiguration.swift,
				Core/Utilities/NetworkMonitor.swift,
				Core/Utilities/PermissionChecker.swift,
				Core/Utilities/Services/AmityFileService.swift,
				Core/Utilities/Services/AmityMessageMediaService.swift,
				Core/Utilities/SocialReactionConfiguration.swift,
				Core/Utilities/URLHelper.swift,
				Core/Utilities/VideoConverter.swift,
				Core/Utilities/WordsGrammar.swift,
				LiveStream/Broadcast/AmityCreateLivestreamPage.swift,
				LiveStream/Broadcast/AmityCreateLiveStreamViewModel.swift,
				LiveStream/Broadcast/AmityLivestreamBannedPage.swift,
				LiveStream/Broadcast/AmityLivestreamTerminatedPage.swift,
				LiveStream/Broadcast/LiveStreamTimerService.swift,
				LiveStream/Broadcast/Permission/LiveStreamPermissionChecker.swift,
				LiveStream/Broadcast/Permission/LiveStreamPermissionView.swift,
				LiveStream/Broadcast/Views/LiveStreamBroadcastPreviewView.swift,
				LiveStream/Broadcast/Views/LiveStreamCircularProgressBar.swift,
				LiveStream/Broadcast/Views/LivestreamCountdownTimer.swift,
				LiveStream/LiveChat/Components/AmityLiveStreamChatComposeBar.swift,
				LiveStream/LiveChat/Components/AmityLiveStreamChatFeed.swift,
				LiveStream/LiveChat/Components/AmityLiveStreamChatViewModel.swift,
				LiveStream/LiveStreamAlert.swift,
				LiveStream/Player/LivestreamPlayerView.swift,
				LiveStream/Player/RecordedStreamPlayerView.swift,
				PrivacyInfo.xcprivacy,
				Social/Behaviors/AmityBlockedUsersPageBehavior.swift,
				Social/Behaviors/AmityCommunityMembershipPageBehavior.swift,
				Social/Behaviors/AmityCommunityNotificationSettingPageBehavior.swift,
				Social/Behaviors/AmityCommunityProfilePageBehavior.swift,
				Social/Behaviors/AmityCommunitySearchResultComponentBehavior.swift,
				Social/Behaviors/AmityCommunitySettingPageBehavior.swift,
				Social/Behaviors/AmityCommunitySetupPageBehavior.swift,
				Social/Behaviors/AmityCreatePostMenuComponentBehavior.swift,
				Social/Behaviors/AmityGlobalFeedComponentBehavior.swift,
				Social/Behaviors/AmityJoinRequestContentComponentBehavior.swift,
				Social/Behaviors/AmityLivestreamBehavior.swift,
				Social/Behaviors/AmityLivestreamPostTargetSelectionPageBehavior.swift,
				Social/Behaviors/AmityMyCommunitiesComponentBehavior.swift,
				Social/Behaviors/AmityMyCommunitiesSearchPageBehavior.swift,
				Social/Behaviors/AmityNewsFeedComponentBehavior.swift,
				Social/Behaviors/AmityPendingPostContentComponentBehavior.swift,
				Social/Behaviors/AmityPostComposerPageBehavior.swift,
				Social/Behaviors/AmityPostContentComponentBehavior.swift,
				Social/Behaviors/AmityPostDetailPageBehavior.swift,
				Social/Behaviors/AmityPostSearchResultComponentBehavior.swift,
				Social/Behaviors/AmityPostTargetSelectionPageBehavior.swift,
				Social/Behaviors/AmitySocialGlobalSearchPageBehavior.swift,
				Social/Behaviors/AmitySocialHomePageBehavior.swift,
				Social/Behaviors/AmitySocialHomeTopNavigationComponentBehavior.swift,
				Social/Behaviors/AmityUserPendingFollowRequestsPageBehavior.swift,
				Social/Behaviors/AmityUserProfileHeaderComponentBehavior.swift,
				Social/Behaviors/AmityUserProfilePageBehavior.swift,
				Social/Behaviors/AmityUserRelationshipPageBehavior.swift,
				Social/Behaviors/AmityUserSearchResultComponentBehavior.swift,
				Social/Components/Ads/AmityAdInfoView.swift,
				Social/Components/Ads/AmityFeedAdContentComponent.swift,
				Social/Components/CommunityProfile/AmityCommunityFeedComponent.swift,
				Social/Components/CommunityProfile/AmityCommunityHeaderComponent.swift,
				Social/Components/CommunityProfile/AmityCommunityImageFeedComponent.swift,
				Social/Components/CommunityProfile/AmityCommunityPinnedPostComponent.swift,
				Social/Components/CommunityProfile/AmityCommunityVideoFeedComponent.swift,
				Social/Components/CommunityProfile/AmityPendingPostContentComponent.swift,
				Social/Components/CommunityProfile/EmptyCommunityFeedView.swift,
				Social/Components/CommunityProfile/MediaFeedViewModel.swift,
				Social/Components/CommunityProfile/PrivateCommunityFeedView.swift,
				Social/Components/PendingRequests/AmityJoinRequestContentComponent.swift,
				Social/Components/PendingRequests/AmityPendingPostListComponent.swift,
				Social/Components/PostCreation/AmityAltTextConfigComponent.swift,
				Social/Components/PostCreation/AmityDetailedMediaAttachmentComponent.swift,
				Social/Components/PostCreation/AmityMediaAttachmentViewModel.swift,
				Social/Components/PostCreation/AmityMediaAttatchmentComponent.swift,
				Social/Components/PostDetail/AmityPostContentComponent.swift,
				Social/Components/PostDetail/PostContent/Livestream/PostContentLiveStreamView.swift,
				Social/Components/PostDetail/PostContent/MediaViewer.swift,
				Social/Components/PostDetail/PostContent/PostBottomSheetView.swift,
				Social/Components/PostDetail/PostContent/PostContentMediaView.swift,
				Social/Components/PostDetail/PostContentSkeletonView.swift,
				Social/Components/Search/AmityCommunitySearchResultComponent.swift,
				Social/Components/Search/AmityPostSearchResultComponent.swift,
				Social/Components/Search/AmityTopSearchBarComponent.swift,
				Social/Components/Search/AmityUserSearchResultComponent.swift,
				Social/Components/Search/CommunityCellSkeletonView.swift,
				Social/Components/Search/CommunityCellView.swift,
				Social/Components/Search/UserCellSkeletonView.swift,
				Social/Components/Search/UserCellView.swift,
				Social/Components/SocialHome/AmityPostMenuComponent.swift,
				Social/Components/SocialHome/AmitySocialHomeTopNavigationComponent.swift,
				Social/Components/SocialHome/Explore/AmityExplorePageContainer.swift,
				Social/Components/SocialHome/Explore/Components/CommunityCategories/AmityCommunityCategoriesComponent.swift,
				Social/Components/SocialHome/Explore/Components/CommunityCategories/CommunityCategoriesViewModel.swift,
				Social/Components/SocialHome/Explore/Components/CommunityCategories/CommunityCategoryModel.swift,
				Social/Components/SocialHome/Explore/Components/RecommendedCommunities/AmityRecommendedCommunitiesComponent.swift,
				Social/Components/SocialHome/Explore/Components/RecommendedCommunities/RecommendedCommunityViewModel.swift,
				Social/Components/SocialHome/Explore/Components/TrendingCommunities/AmityTrendingCommunitiesComponent.swift,
				Social/Components/SocialHome/Explore/Components/TrendingCommunities/TrendingCommunityViewModel.swift,
				Social/Components/SocialHome/Explore/ExploreComponentEmptyStateView.swift,
				Social/Components/SocialHome/Explore/ExploreComponentSkeletonView.swift,
				Social/Components/SocialHome/Explore/ExploreComponentsStateManager.swift,
				Social/Components/SocialHome/Explore/Pages/Categories/AmityAllCategoriesPage.swift,
				Social/Components/SocialHome/Explore/Pages/CommunitiesByCategory/AmityCommunitiesByCategoryPage.swift,
				Social/Components/SocialHome/Explore/Pages/CommunitiesByCategory/Views/CommunityListItemView.swift,
				Social/Components/SocialHome/Explore/Pages/CommunitiesByCategory/Views/CommunityListView.swift,
				Social/Components/SocialHome/MyCommunities/AmityMyCommunitiesComponent.swift,
				Social/Components/SocialHome/NewsFeed/AmityEmptyNewsFeedComponent.swift,
				Social/Components/SocialHome/NewsFeed/AmityGlobalFeedComponent.swift,
				Social/Components/SocialHome/NewsFeed/AmityNewsFeedComponent.swift,
				Social/Components/SocialHome/NewsFeed/PostFeedViewModel.swift,
				Social/Components/UserProfile/AmityUserFeedComponent.swift,
				Social/Components/UserProfile/AmityUserFeedComponentViewModel.swift,
				Social/Components/UserProfile/AmityUserImageFeedComponent.swift,
				Social/Components/UserProfile/AmityUserProfileHeaderComponent.swift,
				Social/Components/UserProfile/AmityUserProfileHeaderComponentViewModel.swift,
				Social/Components/UserProfile/AmityUserVideoFeedComponent.swift,
				Social/Components/UserProfile/EmptyUserFeedView.swift,
				Social/Components/UserProfile/UserProfileHeaderSkeletonView.swift,
				Social/Components/VideoFeedComponent.swift,
				Social/Components/VideoFeedTabButton.swift,
				Social/Models/AmityCommunityCategoryModel.swift,
				Social/Models/AmityFile.swift,
				Social/Models/AmityFollowInfoModel.swift,
				Social/Models/AmityMedia.swift,
				Social/Models/AmityPostModel.swift,
				"Social/Models/AmityPostModel+Extension.swift",
				"Social/Models/AmityPostModel+Poll.swift",
				Social/Models/AmityUserModel.swift,
				Social/Pages/CommunityProfile/AmityCommunityAddCategoryPage.swift,
				Social/Pages/CommunityProfile/AmityCommunityAddUserPage.swift,
				Social/Pages/CommunityProfile/AmityCommunityInviteMemberPage.swift,
				Social/Pages/CommunityProfile/AmityCommunityMembershipPage.swift,
				Social/Pages/CommunityProfile/AmityCommunityPendingInvitationPage.swift,
				Social/Pages/CommunityProfile/AmityCommunityPostPermissionPage.swift,
				Social/Pages/CommunityProfile/AmityCommunityProfilePage.swift,
				Social/Pages/CommunityProfile/AmityCommunitySettingPage.swift,
				Social/Pages/CommunityProfile/AmityCommunitySettingPageViewModel.swift,
				Social/Pages/CommunityProfile/AmityCommunitySetupPage.swift,
				Social/Pages/CommunityProfile/AmityCommunitySetupPageViewModel.swift,
				Social/Pages/CommunityProfile/AmityCommunityStorySettingPage.swift,
				Social/Pages/CommunityProfile/AmityPendingPostsPage.swift,
				Social/Pages/CommunityProfile/AmityPendingRequestPage.swift,
				Social/Pages/CommunityProfile/ChildView/AmityCommunityInvitationBanner.swift,
				Social/Pages/CommunityProfile/ChildView/AmityCommunityProfileTabComponent.swift,
				Social/Pages/CommunityProfile/ChildView/CategoryGridView.swift,
				Social/Pages/CommunityProfile/ChildView/CommunityMembershipBottomSheetView.swift,
				Social/Pages/CommunityProfile/ChildView/CommunityMemberTabView.swift,
				Social/Pages/CommunityProfile/ChildView/CommunityMemberView.swift,
				Social/Pages/CommunityProfile/ChildView/CommunityModeratorTabView.swift,
				Social/Pages/CommunityProfile/ChildView/CommunityNotificationSettingView.swift,
				Social/Pages/CommunityProfile/ChildView/PrivacyRadioButtonView.swift,
				Social/Pages/CommunityProfile/ChildView/SettingRadioButtonView.swift,
				Social/Pages/CommunityProfile/ChildView/SettingToggleButtonView.swift,
				Social/Pages/CommunityProfile/CommunityNotification/AmityCommunityCommentsNotificationSettingPage.swift,
				Social/Pages/CommunityProfile/CommunityNotification/AmityCommunityNotificationSettingPage.swift,
				Social/Pages/CommunityProfile/CommunityNotification/AmityCommunityPostsNotificationSettingPage.swift,
				Social/Pages/CommunityProfile/CommunityNotification/AmityCommunityStoriesNotificationSettingPage.swift,
				Social/Pages/CommunityProfile/CommunityProfileViewModel.swift,
				Social/Pages/ContentReport/AmityContentReportInputPage.swift,
				Social/Pages/ContentReport/AmityContentReportPage.swift,
				Social/Pages/ContentReport/AmityContentReportPageViewModel.swift,
				Social/Pages/ContentReport/ContentReportSubmissionView.swift,
				Social/Pages/Livestream/AmityLivestreamPlayerPage.swift,
				Social/Pages/Livestream/LivestreamVideoPlayerView.swift,
				Social/Pages/Livestream/LivestreamVideoPlayerViewModel.swift,
				Social/Pages/NotificationTray/AmityInvitationSection.swift,
				Social/Pages/NotificationTray/AmityNotificationTrayPage.swift,
				Social/Pages/NotificationTray/AmityNotificationTrayPageBehavior.swift,
				Social/Pages/NotificationTray/AmityNotificationTrayPageViewModel.swift,
				Social/Pages/NotificationTray/NotificationParser.swift,
				Social/Pages/NotificationTray/NotificationTrayItemView.swift,
				Social/Pages/PollCreation/AmityPollPostComposerPage.swift,
				Social/Pages/PollCreation/ImagePollOption/PollImageOptionSection.swift,
				Social/Pages/PollCreation/PollAnswerResultView.swift,
				Social/Pages/PollCreation/PollDuration/PollDuration.swift,
				Social/Pages/PollCreation/PollDuration/PollDurationSection.swift,
				Social/Pages/PollCreation/PollPostComposerViewModel.swift,
				Social/Pages/PollCreation/PollTypeSelectionView.swift,
				Social/Pages/PollCreation/PollVoteTextOptionView.swift,
				Social/Pages/PollCreation/PostContentPollView.swift,
				Social/Pages/PollCreation/TextPollOption/PollTextOptionSection.swift,
				Social/Pages/PollCreation/Vote/PollVoteImageOptionSection.swift,
				Social/Pages/PostCreation/PostComposer/AmityPostComposerPage.swift,
				Social/Pages/PostCreation/PostComposer/AmityPostComposerViewModel.swift,
				Social/Pages/PostCreation/PostCreationMediaAttachmentPreviewView.swift,
				Social/Pages/PostCreation/TargetSelection/AmityLivestreamPostTargetSelectionPage.swift,
				Social/Pages/PostCreation/TargetSelection/AmityPollTargetSelectionPage.swift,
				Social/Pages/PostCreation/TargetSelection/AmityPostTargetSelectionPage.swift,
				Social/Pages/PostDetail/AmityPostDetailPage.swift,
				Social/Pages/PostDetail/AmityPostDetailPageViewModel.swift,
				Social/Pages/PostDetail/PostDetailEmptyStateView.swift,
				Social/Pages/Search/AmityGlobalSearchViewModel.swift,
				Social/Pages/Search/AmityMyCommunitiesSearchPage.swift,
				Social/Pages/Search/AmitySocialGlobalSearchPage.swift,
				Social/Pages/SocialHome/AmitySocialHomePage.swift,
				Social/Pages/SocialHome/ChildViews/SocialHomeContainerView.swift,
				Social/Pages/SocialHome/ChildViews/SocialHomePageTabView.swift,
				Social/Pages/UserProfile/AmityBlockedUsersPage.swift,
				Social/Pages/UserProfile/AmityBlockedUsersPageViewModel.swift,
				Social/Pages/UserProfile/AmityEditUserProfilePage.swift,
				Social/Pages/UserProfile/AmityEditUserProfilePageViewModel.swift,
				Social/Pages/UserProfile/AmityUserPendingFollowRequestsPage.swift,
				Social/Pages/UserProfile/AmityUserPendingFollowRequestsPageViewModel.swift,
				Social/Pages/UserProfile/AmityUserProfilePage.swift,
				Social/Pages/UserProfile/AmityUserProfilePageViewModel.swift,
				Social/Pages/UserProfile/AmityUserRelationshipPage.swift,
				Social/Pages/UserProfile/AmityUserRelationshipPageViewModel.swift,
				Social/Pages/UserProfile/ChildView/UserRelationshipTabView.swift,
				Story/Behaviours/AmityCommentTrayComponentBehavior.swift,
				Story/Behaviours/AmityCreateStoryPageBehaviour.swift,
				Story/Behaviours/AmityDraftStoryPageBehaviour.swift,
				Story/Behaviours/AmityStoryTabComponentBehaviour.swift,
				Story/Behaviours/AmityStoryTargetSelectionPageBehaviour.swift,
				Story/Behaviours/AmityViewStoryPageBehaviour.swift,
				Story/Components/AdComponent/AmityCommentAdComponent.swift,
				Story/Components/CreateStory/AmityHyperLinkConfigComponent.swift,
				Story/Components/StoryComment/AmityCommentTrayComponent.swift,
				Story/Components/StoryComment/ChildViews/AmityCommentView.swift,
				Story/Components/StoryComment/ChildViews/AmityEditCommentView.swift,
				Story/Components/StoryComment/ChildViews/CommentBottomSheetView.swift,
				Story/Components/StoryComment/ChildViews/CommentComposerView.swift,
				Story/Components/StoryComment/ChildViews/CommentCoreView.swift,
				Story/Components/StoryComment/ChildViews/CommentCoreViewModel.swift,
				Story/Components/StoryComment/ChildViews/CommentListView.swift,
				Story/Components/StoryComment/ChildViews/CommentSkeletonView.swift,
				Story/Components/StoryComment/ChildViews/ReplyCommentView.swift,
				Story/Components/StoryTab/AmityStoryTabComponent.swift,
				Story/Components/StoryTab/ChildViews/StoryCreationView.swift,
				Story/Components/StoryTab/ChildViews/StoryTargetView.swift,
				Story/Elements/StoryTab/AmityCreateNewStoryButtonElement.swift,
				Story/Elements/StoryTab/AmityStoryRingElement.swift,
				Story/Elements/ViewStory/AmityProgressBarElement.swift,
				Story/Models/AmityCommentModel.swift,
				Story/Models/AmityCommunityModel.swift,
				Story/Models/AmityStoryModel.swift,
				Story/Models/AmityStoryTargetModel.swift,
				Story/Pages/AmityStoryTargetSelectionPage.swift,
				Story/Pages/CreateStory/AmityCreateStoryPage.swift,
				Story/Pages/CreateStory/AmityDraftStoryPage.swift,
				Story/Pages/ViewStory/AmityViewStoryPage.swift,
				Story/Pages/ViewStory/AmityViewStoryPageViewModel.swift,
				Story/Pages/ViewStory/ChildViews/ProgressBarView.swift,
				Story/Pages/ViewStory/ChildViews/StoryAdView.swift,
				Story/Pages/ViewStory/ChildViews/StoryCoreView.swift,
				Story/Pages/ViewStory/ChildViews/StoryCoreViewModel.swift,
				Story/Pages/ViewStory/ChildViews/StoryImageView.swift,
				Story/Pages/ViewStory/ChildViews/StoryVideoView.swift,
			);
			publicHeaders = (
				AmityUIKit4.h,
			);
			target = 684AE0F02B0C5B0200FD7270 /* AmityUIKit4 */;
		};
/* End PBXFileSystemSynchronizedBuildFileExceptionSet section */

/* Begin PBXFileSystemSynchronizedRootGroup section */
		68E46D852E2FA86E00F01375 /* AmityUIKit4 */ = {isa = PBXFileSystemSynchronizedRootGroup; exceptions = (68E4729D2E2FA87B00F01375 /* PBXFileSystemSynchronizedBuildFileExceptionSet */, ); explicitFileTypes = {}; explicitFolders = (); path = AmityUIKit4; sourceTree = "<group>"; };
/* End PBXFileSystemSynchronizedRootGroup section */

/* Begin PBXFrameworksBuildPhase section */
		684AE0EE2B0C5B0200FD7270 /* Frameworks */ = {
			isa = PBXFrameworksBuildPhase;
			buildActionMask = 2147483647;
			files = (
				926A57202F4742C000B72702 /* SharedFrameworks in Frameworks */,
			);
			runOnlyForDeploymentPostprocessing = 0;
		};
		684AE0F82B0C5B0200FD7270 /* Frameworks */ = {
			isa = PBXFrameworksBuildPhase;
			buildActionMask = 2147483647;
			files = (
				684AE0FC2B0C5B0200FD7270 /* AmityUIKit4.framework in Frameworks */,
			);
			runOnlyForDeploymentPostprocessing = 0;
		};
/* End PBXFrameworksBuildPhase section */

/* Begin PBXGroup section */
		684AE0E72B0C5B0100FD7270 = {
			isa = PBXGroup;
			children = (
				68E46D852E2FA86E00F01375 /* AmityUIKit4 */,
				684AE0FF2B0C5B0200FD7270 /* AmityUIKit4Tests */,
				684AE0F22B0C5B0200FD7270 /* Products */,
				684AE10D2B0C5D2000FD7270 /* Frameworks */,
				EDB9070D2C2E8EC500AAC8AA /* Recovered References */,
			);
			sourceTree = "<group>";
		};
		684AE0F22B0C5B0200FD7270 /* Products */ = {
			isa = PBXGroup;
			children = (
				684AE0F12B0C5B0200FD7270 /* AmityUIKit4.framework */,
				684AE0FB2B0C5B0200FD7270 /* AmityUIKit4Tests.xctest */,
			);
			name = Products;
			sourceTree = "<group>";
		};
		684AE0FF2B0C5B0200FD7270 /* AmityUIKit4Tests */ = {
			isa = PBXGroup;
			children = (
				684AE1002B0C5B0200FD7270 /* AmityUIKit4Tests.swift */,
			);
			path = AmityUIKit4Tests;
			sourceTree = "<group>";
		};
		684AE10D2B0C5D2000FD7270 /* Frameworks */ = {
			isa = PBXGroup;
			children = (
				ED84C3732D7AB16C006FD1DA /* AmityLiveVideoBroadcastKit.xcframework */,
				926C52312CB91DAA0085CA64 /* AmityVideoPlayerKit.xcframework */,
				926C522D2CB91DA40085CA64 /* MobileVLCKit.xcframework */,
				686914912CB7FBBC00D64409 /* MobileVLCKit.xcframework */,
				6869148D2CB7FB6100D64409 /* AmityVideoPlayerKit.xcframework */,
				689EE69A2BECC07800927D51 /* AmityUIKit.framework */,
				684AE1332B0C968F00FD7270 /* AmitySDK.xcframework */,
				684AE1342B0C968F00FD7270 /* Realm.xcframework */,
				684AE1352B0C968F00FD7270 /* RealmSwift.xcframework */,
				684AE10E2B0C5D2000FD7270 /* AmitySDK.xcframework */,
				684AE10F2B0C5D2000FD7270 /* Realm.xcframework */,
				684AE1102B0C5D2000FD7270 /* RealmSwift.xcframework */,
			);
			name = Frameworks;
			sourceTree = "<group>";
		};
		EDB9070D2C2E8EC500AAC8AA /* Recovered References */ = {
			isa = PBXGroup;
			children = (
				685F16C52BFCABB50016685F /* ReactionTabBarView.swift */,
				685F16C12BFCABAD0016685F /* AmityReactionList.swift */,
				685F16C32BFCABB10016685F /* ReactionListHeader.swift */,
				68435FE02C8EE19B000B7737 /* AmityCommunityImageFeedComponent.swift */,
				68435FE22C8EFC9A000B7737 /* AmityCommunityMediaFeedViewModel.swift */,
				ED8C1C392DF1493A00F4AE80 /* AmityJoinRequestContentComponentBehavior.swift */,
				EDA3AF992E24C3DF00473F1E /* ShareActivitySheetView.swift */,
			);
			name = "Recovered References";
			sourceTree = "<group>";
		};
/* End PBXGroup section */

/* Begin PBXHeadersBuildPhase section */
		684AE0EC2B0C5B0200FD7270 /* Headers */ = {
			isa = PBXHeadersBuildPhase;
			buildActionMask = 2147483647;
			files = (
			);
			runOnlyForDeploymentPostprocessing = 0;
		};
/* End PBXHeadersBuildPhase section */

/* Begin PBXNativeTarget section */
		684AE0F02B0C5B0200FD7270 /* AmityUIKit4 */ = {
			isa = PBXNativeTarget;
			buildConfigurationList = 684AE1052B0C5B0200FD7270 /* Build configuration list for PBXNativeTarget "AmityUIKit4" */;
			buildPhases = (
				684AE0EC2B0C5B0200FD7270 /* Headers */,
				684AE0ED2B0C5B0200FD7270 /* Sources */,
				684AE0EE2B0C5B0200FD7270 /* Frameworks */,
				684AE0EF2B0C5B0200FD7270 /* Resources */,
			);
			buildRules = (
			);
			dependencies = (
			);
			name = AmityUIKit4;
			productName = AmityUIKit4;
			productReference = 684AE0F12B0C5B0200FD7270 /* AmityUIKit4.framework */;
			productType = "com.apple.product-type.framework";
		};
		684AE0FA2B0C5B0200FD7270 /* AmityUIKit4Tests */ = {
			isa = PBXNativeTarget;
			buildConfigurationList = 684AE1082B0C5B0200FD7270 /* Build configuration list for PBXNativeTarget "AmityUIKit4Tests" */;
			buildPhases = (
				684AE0F72B0C5B0200FD7270 /* Sources */,
				684AE0F82B0C5B0200FD7270 /* Frameworks */,
				684AE0F92B0C5B0200FD7270 /* Resources */,
			);
			buildRules = (
			);
			dependencies = (
				684AE0FE2B0C5B0200FD7270 /* PBXTargetDependency */,
			);
			name = AmityUIKit4Tests;
			productName = AmityUIKit4Tests;
			productReference = 684AE0FB2B0C5B0200FD7270 /* AmityUIKit4Tests.xctest */;
			productType = "com.apple.product-type.bundle.unit-test";
		};
/* End PBXNativeTarget section */

/* Begin PBXProject section */
		684AE0E82B0C5B0100FD7270 /* Project object */ = {
			isa = PBXProject;
			attributes = {
				BuildIndependentTargetsInParallel = 1;
				LastSwiftUpdateCheck = 1500;
				LastUpgradeCheck = 1500;
				TargetAttributes = {
					684AE0F02B0C5B0200FD7270 = {
						CreatedOnToolsVersion = 15.0;
					};
					684AE0FA2B0C5B0200FD7270 = {
						CreatedOnToolsVersion = 15.0;
					};
				};
			};
			buildConfigurationList = 684AE0EB2B0C5B0100FD7270 /* Build configuration list for PBXProject "AmityUIKit4" */;
			compatibilityVersion = "Xcode 14.0";
			developmentRegion = en;
			hasScannedForEncodings = 0;
			knownRegions = (
				en,
				Base,
			);
			mainGroup = 684AE0E72B0C5B0100FD7270;
			productRefGroup = 684AE0F22B0C5B0200FD7270 /* Products */;
			projectDirPath = "";
			projectRoot = "";
			targets = (
				684AE0F02B0C5B0200FD7270 /* AmityUIKit4 */,
				684AE0FA2B0C5B0200FD7270 /* AmityUIKit4Tests */,
			);
		};
/* End PBXProject section */

/* Begin PBXResourcesBuildPhase section */
		684AE0EF2B0C5B0200FD7270 /* Resources */ = {
			isa = PBXResourcesBuildPhase;
			buildActionMask = 2147483647;
			files = (
			);
			runOnlyForDeploymentPostprocessing = 0;
		};
		684AE0F92B0C5B0200FD7270 /* Resources */ = {
			isa = PBXResourcesBuildPhase;
			buildActionMask = 2147483647;
			files = (
			);
			runOnlyForDeploymentPostprocessing = 0;
		};
/* End PBXResourcesBuildPhase section */

/* Begin PBXSourcesBuildPhase section */
		684AE0ED2B0C5B0200FD7270 /* Sources */ = {
			isa = PBXSourcesBuildPhase;
			buildActionMask = 2147483647;
			files = (
				685F16C62BFCABB50016685F /* ReactionTabBarView.swift in Sources */,
				685F16C22BFCABAD0016685F /* AmityReactionList.swift in Sources */,
			);
			runOnlyForDeploymentPostprocessing = 0;
		};
		684AE0F72B0C5B0200FD7270 /* Sources */ = {
			isa = PBXSourcesBuildPhase;
			buildActionMask = 2147483647;
			files = (
				684AE1012B0C5B0200FD7270 /* AmityUIKit4Tests.swift in Sources */,
			);
			runOnlyForDeploymentPostprocessing = 0;
		};
/* End PBXSourcesBuildPhase section */

/* Begin PBXTargetDependency section */
		684AE0FE2B0C5B0200FD7270 /* PBXTargetDependency */ = {
			isa = PBXTargetDependency;
			target = 684AE0F02B0C5B0200FD7270 /* AmityUIKit4 */;
			targetProxy = 684AE0FD2B0C5B0200FD7270 /* PBXContainerItemProxy */;
		};
/* End PBXTargetDependency section */

/* Begin XCBuildConfiguration section */
		684AE1032B0C5B0200FD7270 /* Debug */ = {
			isa = XCBuildConfiguration;
			buildSettings = {
				ALWAYS_SEARCH_USER_PATHS = NO;
				ASSETCATALOG_COMPILER_GENERATE_SWIFT_ASSET_SYMBOL_EXTENSIONS = YES;
				CLANG_ANALYZER_NONNULL = YES;
				CLANG_ANALYZER_NUMBER_OBJECT_CONVERSION = YES_AGGRESSIVE;
				CLANG_CXX_LANGUAGE_STANDARD = "gnu++20";
				CLANG_ENABLE_MODULES = YES;
				CLANG_ENABLE_OBJC_ARC = YES;
				CLANG_ENABLE_OBJC_WEAK = YES;
				CLANG_WARN_BLOCK_CAPTURE_AUTORELEASING = YES;
				CLANG_WARN_BOOL_CONVERSION = YES;
				CLANG_WARN_COMMA = YES;
				CLANG_WARN_CONSTANT_CONVERSION = YES;
				CLANG_WARN_DEPRECATED_OBJC_IMPLEMENTATIONS = YES;
				CLANG_WARN_DIRECT_OBJC_ISA_USAGE = YES_ERROR;
				CLANG_WARN_DOCUMENTATION_COMMENTS = YES;
				CLANG_WARN_EMPTY_BODY = YES;
				CLANG_WARN_ENUM_CONVERSION = YES;
				CLANG_WARN_INFINITE_RECURSION = YES;
				CLANG_WARN_INT_CONVERSION = YES;
				CLANG_WARN_NON_LITERAL_NULL_CONVERSION = YES;
				CLANG_WARN_OBJC_IMPLICIT_RETAIN_SELF = YES;
				CLANG_WARN_OBJC_LITERAL_CONVERSION = YES;
				CLANG_WARN_OBJC_ROOT_CLASS = YES_ERROR;
				CLANG_WARN_QUOTED_INCLUDE_IN_FRAMEWORK_HEADER = YES;
				CLANG_WARN_RANGE_LOOP_ANALYSIS = YES;
				CLANG_WARN_STRICT_PROTOTYPES = YES;
				CLANG_WARN_SUSPICIOUS_MOVE = YES;
				CLANG_WARN_UNGUARDED_AVAILABILITY = YES_AGGRESSIVE;
				CLANG_WARN_UNREACHABLE_CODE = YES;
				CLANG_WARN__DUPLICATE_METHOD_MATCH = YES;
				COPY_PHASE_STRIP = NO;
				CURRENT_PROJECT_VERSION = 1;
				DEBUG_INFORMATION_FORMAT = dwarf;
				ENABLE_STRICT_OBJC_MSGSEND = YES;
				ENABLE_TESTABILITY = YES;
				ENABLE_USER_SCRIPT_SANDBOXING = YES;
				GCC_C_LANGUAGE_STANDARD = gnu17;
				GCC_DYNAMIC_NO_PIC = NO;
				GCC_NO_COMMON_BLOCKS = YES;
				GCC_OPTIMIZATION_LEVEL = 0;
				GCC_PREPROCESSOR_DEFINITIONS = (
					"DEBUG=1",
					"$(inherited)",
				);
				GCC_WARN_64_TO_32_BIT_CONVERSION = YES;
				GCC_WARN_ABOUT_RETURN_TYPE = YES_ERROR;
				GCC_WARN_UNDECLARED_SELECTOR = YES;
				GCC_WARN_UNINITIALIZED_AUTOS = YES_AGGRESSIVE;
				GCC_WARN_UNUSED_FUNCTION = YES;
				GCC_WARN_UNUSED_VARIABLE = YES;
				IPHONEOS_DEPLOYMENT_TARGET = 14.0;
				LOCALIZATION_PREFERS_STRING_CATALOGS = YES;
				MTL_ENABLE_DEBUG_INFO = INCLUDE_SOURCE;
				MTL_FAST_MATH = YES;
				ONLY_ACTIVE_ARCH = YES;
				SDKROOT = iphoneos;
				SWIFT_ACTIVE_COMPILATION_CONDITIONS = "DEBUG $(inherited)";
				SWIFT_OPTIMIZATION_LEVEL = "-Onone";
				VERSIONING_SYSTEM = "apple-generic";
				VERSION_INFO_PREFIX = "";
			};
			name = Debug;
		};
		684AE1042B0C5B0200FD7270 /* Release */ = {
			isa = XCBuildConfiguration;
			buildSettings = {
				ALWAYS_SEARCH_USER_PATHS = NO;
				ASSETCATALOG_COMPILER_GENERATE_SWIFT_ASSET_SYMBOL_EXTENSIONS = YES;
				CLANG_ANALYZER_NONNULL = YES;
				CLANG_ANALYZER_NUMBER_OBJECT_CONVERSION = YES_AGGRESSIVE;
				CLANG_CXX_LANGUAGE_STANDARD = "gnu++20";
				CLANG_ENABLE_MODULES = YES;
				CLANG_ENABLE_OBJC_ARC = YES;
				CLANG_ENABLE_OBJC_WEAK = YES;
				CLANG_WARN_BLOCK_CAPTURE_AUTORELEASING = YES;
				CLANG_WARN_BOOL_CONVERSION = YES;
				CLANG_WARN_COMMA = YES;
				CLANG_WARN_CONSTANT_CONVERSION = YES;
				CLANG_WARN_DEPRECATED_OBJC_IMPLEMENTATIONS = YES;
				CLANG_WARN_DIRECT_OBJC_ISA_USAGE = YES_ERROR;
				CLANG_WARN_DOCUMENTATION_COMMENTS = YES;
				CLANG_WARN_EMPTY_BODY = YES;
				CLANG_WARN_ENUM_CONVERSION = YES;
				CLANG_WARN_INFINITE_RECURSION = YES;
				CLANG_WARN_INT_CONVERSION = YES;
				CLANG_WARN_NON_LITERAL_NULL_CONVERSION = YES;
				CLANG_WARN_OBJC_IMPLICIT_RETAIN_SELF = YES;
				CLANG_WARN_OBJC_LITERAL_CONVERSION = YES;
				CLANG_WARN_OBJC_ROOT_CLASS = YES_ERROR;
				CLANG_WARN_QUOTED_INCLUDE_IN_FRAMEWORK_HEADER = YES;
				CLANG_WARN_RANGE_LOOP_ANALYSIS = YES;
				CLANG_WARN_STRICT_PROTOTYPES = YES;
				CLANG_WARN_SUSPICIOUS_MOVE = YES;
				CLANG_WARN_UNGUARDED_AVAILABILITY = YES_AGGRESSIVE;
				CLANG_WARN_UNREACHABLE_CODE = YES;
				CLANG_WARN__DUPLICATE_METHOD_MATCH = YES;
				COPY_PHASE_STRIP = NO;
				CURRENT_PROJECT_VERSION = 1;
				DEBUG_INFORMATION_FORMAT = "dwarf-with-dsym";
				ENABLE_NS_ASSERTIONS = NO;
				ENABLE_STRICT_OBJC_MSGSEND = YES;
				ENABLE_USER_SCRIPT_SANDBOXING = YES;
				GCC_C_LANGUAGE_STANDARD = gnu17;
				GCC_NO_COMMON_BLOCKS = YES;
				GCC_WARN_64_TO_32_BIT_CONVERSION = YES;
				GCC_WARN_ABOUT_RETURN_TYPE = YES_ERROR;
				GCC_WARN_UNDECLARED_SELECTOR = YES;
				GCC_WARN_UNINITIALIZED_AUTOS = YES_AGGRESSIVE;
				GCC_WARN_UNUSED_FUNCTION = YES;
				GCC_WARN_UNUSED_VARIABLE = YES;
				IPHONEOS_DEPLOYMENT_TARGET = 14.0;
				LOCALIZATION_PREFERS_STRING_CATALOGS = YES;
				MTL_ENABLE_DEBUG_INFO = NO;
				MTL_FAST_MATH = YES;
				SDKROOT = iphoneos;
				SWIFT_COMPILATION_MODE = wholemodule;
				VALIDATE_PRODUCT = YES;
				VERSIONING_SYSTEM = "apple-generic";
				VERSION_INFO_PREFIX = "";
			};
			name = Release;
		};
		684AE1062B0C5B0200FD7270 /* Debug */ = {
			isa = XCBuildConfiguration;
			buildSettings = {
				BUILD_LIBRARY_FOR_DISTRIBUTION = YES;
				CODE_SIGN_IDENTITY = "Apple Development";
				CODE_SIGN_STYLE = Automatic;
				CURRENT_PROJECT_VERSION = 1;
				DEFINES_MODULE = YES;
				DEVELOPMENT_TEAM = 37Z583JR6K;
				DYLIB_COMPATIBILITY_VERSION = 1;
				DYLIB_CURRENT_VERSION = 1;
				DYLIB_INSTALL_NAME_BASE = "@rpath";
				ENABLE_MODULE_VERIFIER = YES;
				GENERATE_INFOPLIST_FILE = YES;
				INFOPLIST_KEY_NSHumanReadableCopyright = "";
				INSTALL_PATH = "$(LOCAL_LIBRARY_DIR)/Frameworks";
				LD_RUNPATH_SEARCH_PATHS = (
					"$(inherited)",
					"@executable_path/Frameworks",
					"@loader_path/Frameworks",
				);
				MARKETING_VERSION = 1.0;
				MODULE_VERIFIER_SUPPORTED_LANGUAGES = "objective-c objective-c++";
				MODULE_VERIFIER_SUPPORTED_LANGUAGE_STANDARDS = "gnu17 gnu++20";
				PRODUCT_BUNDLE_IDENTIFIER = com.amity.AmityUIKit4;
				PRODUCT_NAME = "$(TARGET_NAME:c99extidentifier)";
				SKIP_INSTALL = YES;
				SUPPORTED_PLATFORMS = "iphoneos iphonesimulator";
				SUPPORTS_MACCATALYST = YES;
				SWIFT_EMIT_LOC_STRINGS = YES;
				SWIFT_VERSION = 5.0;
				TARGETED_DEVICE_FAMILY = "1,2";
			};
			name = Debug;
		};
		684AE1072B0C5B0200FD7270 /* Release */ = {
			isa = XCBuildConfiguration;
			buildSettings = {
				BUILD_LIBRARY_FOR_DISTRIBUTION = YES;
				CODE_SIGN_IDENTITY = "Apple Development";
				CODE_SIGN_STYLE = Automatic;
				CURRENT_PROJECT_VERSION = 1;
				DEFINES_MODULE = YES;
				DEVELOPMENT_TEAM = 37Z583JR6K;
				DYLIB_COMPATIBILITY_VERSION = 1;
				DYLIB_CURRENT_VERSION = 1;
				DYLIB_INSTALL_NAME_BASE = "@rpath";
				ENABLE_MODULE_VERIFIER = YES;
				GENERATE_INFOPLIST_FILE = YES;
				INFOPLIST_KEY_NSHumanReadableCopyright = "";
				INSTALL_PATH = "$(LOCAL_LIBRARY_DIR)/Frameworks";
				LD_RUNPATH_SEARCH_PATHS = (
					"$(inherited)",
					"@executable_path/Frameworks",
					"@loader_path/Frameworks",
				);
				MARKETING_VERSION = 1.0;
				MODULE_VERIFIER_SUPPORTED_LANGUAGES = "objective-c objective-c++";
				MODULE_VERIFIER_SUPPORTED_LANGUAGE_STANDARDS = "gnu17 gnu++20";
				PRODUCT_BUNDLE_IDENTIFIER = com.amity.AmityUIKit4;
				PRODUCT_NAME = "$(TARGET_NAME:c99extidentifier)";
				SKIP_INSTALL = YES;
				SUPPORTED_PLATFORMS = "iphoneos iphonesimulator";
				SUPPORTS_MACCATALYST = YES;
				SWIFT_EMIT_LOC_STRINGS = YES;
				SWIFT_VERSION = 5.0;
				TARGETED_DEVICE_FAMILY = "1,2";
			};
			name = Release;
		};
		684AE1092B0C5B0200FD7270 /* Debug */ = {
			isa = XCBuildConfiguration;
			buildSettings = {
				ALWAYS_EMBED_SWIFT_STANDARD_LIBRARIES = YES;
				CODE_SIGN_STYLE = Automatic;
				CURRENT_PROJECT_VERSION = 1;
				DEVELOPMENT_TEAM = 37Z583JR6K;
				GENERATE_INFOPLIST_FILE = YES;
				MARKETING_VERSION = 1.0;
				PRODUCT_BUNDLE_IDENTIFIER = com.amity.AmityUIKit4Tests;
				PRODUCT_NAME = "$(TARGET_NAME)";
				SUPPORTED_PLATFORMS = "iphoneos iphonesimulator";
				SUPPORTS_MACCATALYST = NO;
				SWIFT_EMIT_LOC_STRINGS = NO;
				SWIFT_VERSION = 5.0;
				TARGETED_DEVICE_FAMILY = 1;
			};
			name = Debug;
		};
		684AE10A2B0C5B0200FD7270 /* Release */ = {
			isa = XCBuildConfiguration;
			buildSettings = {
				ALWAYS_EMBED_SWIFT_STANDARD_LIBRARIES = YES;
				CODE_SIGN_STYLE = Automatic;
				CURRENT_PROJECT_VERSION = 1;
				GENERATE_INFOPLIST_FILE = YES;
				MARKETING_VERSION = 1.0;
				PRODUCT_BUNDLE_IDENTIFIER = com.amity.AmityUIKit4Tests;
				PRODUCT_NAME = "$(TARGET_NAME)";
				SUPPORTED_PLATFORMS = "iphoneos iphonesimulator";
				SUPPORTS_MACCATALYST = NO;
				SWIFT_EMIT_LOC_STRINGS = NO;
				SWIFT_VERSION = 5.0;
				TARGETED_DEVICE_FAMILY = 1;
			};
			name = Release;
		};
/* End XCBuildConfiguration section */

/* Begin XCConfigurationList section */
		684AE0EB2B0C5B0100FD7270 /* Build configuration list for PBXProject "AmityUIKit4" */ = {
			isa = XCConfigurationList;
			buildConfigurations = (
				684AE1032B0C5B0200FD7270 /* Debug */,
				684AE1042B0C5B0200FD7270 /* Release */,
			);
			defaultConfigurationIsVisible = 0;
			defaultConfigurationName = Release;
		};
		684AE1052B0C5B0200FD7270 /* Build configuration list for PBXNativeTarget "AmityUIKit4" */ = {
			isa = XCConfigurationList;
			buildConfigurations = (
				684AE1062B0C5B0200FD7270 /* Debug */,
				684AE1072B0C5B0200FD7270 /* Release */,
			);
			defaultConfigurationIsVisible = 0;
			defaultConfigurationName = Release;
		};
		684AE1082B0C5B0200FD7270 /* Build configuration list for PBXNativeTarget "AmityUIKit4Tests" */ = {
			isa = XCConfigurationList;
			buildConfigurations = (
				684AE1092B0C5B0200FD7270 /* Debug */,
				684AE10A2B0C5B0200FD7270 /* Release */,
			);
			defaultConfigurationIsVisible = 0;
			defaultConfigurationName = Release;
		};
/* End XCConfigurationList section */

/* Begin XCSwiftPackageProductDependency section */
		926A571F2F4742C000B72702 /* SharedFrameworks */ = {
			isa = XCSwiftPackageProductDependency;
			productName = SharedFrameworks;
		};
/* End XCSwiftPackageProductDependency section */
	};
	rootObject = 684AE0E82B0C5B0100FD7270 /* Project object */;
}
